// !$*UTF8*$!
{
	archiveVersion = 1;
	classes = {
	};
	objectVersion = 55;
	objects = {

/* Begin PBXBuildFile section */
		24733894AB7659F60A78B84F /* Pods_FreeFoodUniversity.framework in Frameworks */ = {isa = PBXBuildFile; fileRef = EE1806A9253F5FBACA57420F /* Pods_FreeFoodUniversity.framework */; };
		2CC1E230E403CF2863DC5DD9 /* Pods_FreeFoodUniversity_FreeFoodUniversityUITests.framework in Frameworks */ = {isa = PBXBuildFile; fileRef = 192765A7467C678F83AFEC40 /* Pods_FreeFoodUniversity_FreeFoodUniversityUITests.framework */; };
		A3F21AEFB6227CF105739394 /* Pods_FreeFoodUniversityTests.framework in Frameworks */ = {isa = PBXBuildFile; fileRef = C9C078EC8CD742CD1E50443E /* Pods_FreeFoodUniversityTests.framework */; };
		C50DFD7428A6D59500F57948 /* renameFunctions.swift in Sources */ = {isa = PBXBuildFile; fileRef = C50DFD7328A6D59500F57948 /* renameFunctions.swift */; };
		C50DFD7828A7398000F57948 /* ImagePicker.swift in Sources */ = {isa = PBXBuildFile; fileRef = C50DFD7728A7398000F57948 /* ImagePicker.swift */; };
		C592537228AC3FA60041F1FC /* GoogleAddFoodView.swift in Sources */ = {isa = PBXBuildFile; fileRef = C592537128AC3FA50041F1FC /* GoogleAddFoodView.swift */; };
		C592537428AD9C200041F1FC /* PictureView.swift in Sources */ = {isa = PBXBuildFile; fileRef = C592537328AD9C1F0041F1FC /* PictureView.swift */; };
		C5B44DA4287B68A500A78E94 /* AboutUsView.swift in Sources */ = {isa = PBXBuildFile; fileRef = C5B44DA3287B68A300A78E94 /* AboutUsView.swift */; };
		C5B44DA6287B723800A78E94 /* NavButtonsView.swift in Sources */ = {isa = PBXBuildFile; fileRef = C5B44DA5287B723800A78E94 /* NavButtonsView.swift */; };
		C5B44DA8287B742800A78E94 /* StatsView.swift in Sources */ = {isa = PBXBuildFile; fileRef = C5B44DA7287B742800A78E94 /* StatsView.swift */; };
		C5B44DAA287B749C00A78E94 /* pickCollegeView.swift in Sources */ = {isa = PBXBuildFile; fileRef = C5B44DA9287B749C00A78E94 /* pickCollegeView.swift */; };
		C5B44DAF287D205000A78E94 /* AddFoodView.swift in Sources */ = {isa = PBXBuildFile; fileRef = C5B44DAE287D205000A78E94 /* AddFoodView.swift */; };
		C5B44DB1287D20D700A78E94 /* CollegeView.swift in Sources */ = {isa = PBXBuildFile; fileRef = C5B44DB0287D20D700A78E94 /* CollegeView.swift */; };
		C5B44DB5287D350F00A78E94 /* CollegeLocations.swift in Sources */ = {isa = PBXBuildFile; fileRef = C5B44DB4287D350F00A78E94 /* CollegeLocations.swift */; };
		C5B44DB7287FACD500A78E94 /* ProfileView.swift in Sources */ = {isa = PBXBuildFile; fileRef = C5B44DB6287FACD500A78E94 /* ProfileView.swift */; };
		C5C0111A2889071A00520DCA /* MarkerView.swift in Sources */ = {isa = PBXBuildFile; fileRef = C5C011192889071A00520DCA /* MarkerView.swift */; };
		C5CD8E51287FD0AB00434E50 /* FeedbackView.swift in Sources */ = {isa = PBXBuildFile; fileRef = C5CD8E50287FD0AB00434E50 /* FeedbackView.swift */; };
		C5CD8E53287FD2CC00434E50 /* SettingsView.swift in Sources */ = {isa = PBXBuildFile; fileRef = C5CD8E52287FD2CC00434E50 /* SettingsView.swift */; };
		C5CD8E5B2883ACB600434E50 /* ShareViewController.swift in Sources */ = {isa = PBXBuildFile; fileRef = C5CD8E5A2883ACB600434E50 /* ShareViewController.swift */; };
		C5F3C8142895F2AA00293545 /* LocationController.swift in Sources */ = {isa = PBXBuildFile; fileRef = C5F3C8132895F2AA00293545 /* LocationController.swift */; };
		C5F3C8162898D58700293545 /* TechStackView.swift in Sources */ = {isa = PBXBuildFile; fileRef = C5F3C8152898D58500293545 /* TechStackView.swift */; };
		D83CA18728AC62CC00636568 /* ListView.swift in Sources */ = {isa = PBXBuildFile; fileRef = D83CA18628AC62CC00636568 /* ListView.swift */; };
		D858D09F284D605000F5D4A1 /* FreeFoodUniversityApp.swift in Sources */ = {isa = PBXBuildFile; fileRef = D858D09E284D605000F5D4A1 /* FreeFoodUniversityApp.swift */; };
		D858D0A1284D605000F5D4A1 /* ContentView.swift in Sources */ = {isa = PBXBuildFile; fileRef = D858D0A0284D605000F5D4A1 /* ContentView.swift */; };
		D858D0A3284D605100F5D4A1 /* Assets.xcassets in Resources */ = {isa = PBXBuildFile; fileRef = D858D0A2284D605100F5D4A1 /* Assets.xcassets */; };
		D858D0A6284D605100F5D4A1 /* Preview Assets.xcassets in Resources */ = {isa = PBXBuildFile; fileRef = D858D0A5284D605100F5D4A1 /* Preview Assets.xcassets */; };
		D858D0A8284D605100F5D4A1 /* Persistence.swift in Sources */ = {isa = PBXBuildFile; fileRef = D858D0A7284D605100F5D4A1 /* Persistence.swift */; };
		D858D0AB284D605100F5D4A1 /* FreeFoodUniversity.xcdatamodeld in Sources */ = {isa = PBXBuildFile; fileRef = D858D0A9284D605100F5D4A1 /* FreeFoodUniversity.xcdatamodeld */; };
		D858D0B5284D605100F5D4A1 /* FreeFoodUniversityTests.swift in Sources */ = {isa = PBXBuildFile; fileRef = D858D0B4284D605100F5D4A1 /* FreeFoodUniversityTests.swift */; };
		D858D0BF284D605100F5D4A1 /* FreeFoodUniversityUITests.swift in Sources */ = {isa = PBXBuildFile; fileRef = D858D0BE284D605100F5D4A1 /* FreeFoodUniversityUITests.swift */; };
		D858D0C1284D605100F5D4A1 /* FreeFoodUniversityUITestsLaunchTests.swift in Sources */ = {isa = PBXBuildFile; fileRef = D858D0C0284D605100F5D4A1 /* FreeFoodUniversityUITestsLaunchTests.swift */; };
		D8ACEF8828A6EB170027F88B /* BamaView.swift in Sources */ = {isa = PBXBuildFile; fileRef = D8ACEF8728A6EB170027F88B /* BamaView.swift */; };
		D8ACEF8C28A6F3440027F88B /* Marker.swift in Sources */ = {isa = PBXBuildFile; fileRef = D8ACEF8B28A6F3440027F88B /* Marker.swift */; };
		D8ACEF8F28A6F3850027F88B /* Stats.swift in Sources */ = {isa = PBXBuildFile; fileRef = D8ACEF8E28A6F3850027F88B /* Stats.swift */; };
		D8ACEF9128A6F3C60027F88B /* MainPageContentView.swift in Sources */ = {isa = PBXBuildFile; fileRef = D8ACEF9028A6F3C60027F88B /* MainPageContentView.swift */; };
		D8ACEF9428A6F4190027F88B /* GoogleMapsView.swift in Sources */ = {isa = PBXBuildFile; fileRef = D8ACEF9328A6F4190027F88B /* GoogleMapsView.swift */; };
		D8ACEF9628A6F4770027F88B /* MainContentView.swift in Sources */ = {isa = PBXBuildFile; fileRef = D8ACEF9528A6F4770027F88B /* MainContentView.swift */; };
		D8ACEF9828A6F4B60027F88B /* Utility.swift in Sources */ = {isa = PBXBuildFile; fileRef = D8ACEF9728A6F4B60027F88B /* Utility.swift */; };
		D8E24B4228A5A21D00529875 /* SelectCollegeDropDownView.swift in Sources */ = {isa = PBXBuildFile; fileRef = D8E24B4128A5A21D00529875 /* SelectCollegeDropDownView.swift */; };
/* End PBXBuildFile section */

/* Begin PBXContainerItemProxy section */
		D858D0B1284D605100F5D4A1 /* PBXContainerItemProxy */ = {
			isa = PBXContainerItemProxy;
			containerPortal = D858D093284D605000F5D4A1 /* Project object */;
			proxyType = 1;
			remoteGlobalIDString = D858D09A284D605000F5D4A1;
			remoteInfo = FreeFoodUniversity;
		};
		D858D0BB284D605100F5D4A1 /* PBXContainerItemProxy */ = {
			isa = PBXContainerItemProxy;
			containerPortal = D858D093284D605000F5D4A1 /* Project object */;
			proxyType = 1;
			remoteGlobalIDString = D858D09A284D605000F5D4A1;
			remoteInfo = FreeFoodUniversity;
		};
/* End PBXContainerItemProxy section */

/* Begin PBXFileReference section */
		17201F9C1816886B63B1E3D4 /* Pods-FreeFoodUniversity-FreeFoodUniversityUITests.debug.xcconfig */ = {isa = PBXFileReference; includeInIndex = 1; lastKnownFileType = text.xcconfig; name = "Pods-FreeFoodUniversity-FreeFoodUniversityUITests.debug.xcconfig"; path = "Target Support Files/Pods-FreeFoodUniversity-FreeFoodUniversityUITests/Pods-FreeFoodUniversity-FreeFoodUniversityUITests.debug.xcconfig"; sourceTree = "<group>"; };
		192765A7467C678F83AFEC40 /* Pods_FreeFoodUniversity_FreeFoodUniversityUITests.framework */ = {isa = PBXFileReference; explicitFileType = wrapper.framework; includeInIndex = 0; path = Pods_FreeFoodUniversity_FreeFoodUniversityUITests.framework; sourceTree = BUILT_PRODUCTS_DIR; };
		6E3FA63E5BAA4340E6BB5693 /* Pods-FreeFoodUniversityTests.release.xcconfig */ = {isa = PBXFileReference; includeInIndex = 1; lastKnownFileType = text.xcconfig; name = "Pods-FreeFoodUniversityTests.release.xcconfig"; path = "Target Support Files/Pods-FreeFoodUniversityTests/Pods-FreeFoodUniversityTests.release.xcconfig"; sourceTree = "<group>"; };
		884BBD315E5C41E5FE261DC7 /* Pods-FreeFoodUniversity.debug.xcconfig */ = {isa = PBXFileReference; includeInIndex = 1; lastKnownFileType = text.xcconfig; name = "Pods-FreeFoodUniversity.debug.xcconfig"; path = "Target Support Files/Pods-FreeFoodUniversity/Pods-FreeFoodUniversity.debug.xcconfig"; sourceTree = "<group>"; };
		9451D00A0EE52C13F1DDA2AF /* Pods-FreeFoodUniversity.release.xcconfig */ = {isa = PBXFileReference; includeInIndex = 1; lastKnownFileType = text.xcconfig; name = "Pods-FreeFoodUniversity.release.xcconfig"; path = "Target Support Files/Pods-FreeFoodUniversity/Pods-FreeFoodUniversity.release.xcconfig"; sourceTree = "<group>"; };
		A68180F7B09A5C4F8148F772 /* Pods-FreeFoodUniversityTests.debug.xcconfig */ = {isa = PBXFileReference; includeInIndex = 1; lastKnownFileType = text.xcconfig; name = "Pods-FreeFoodUniversityTests.debug.xcconfig"; path = "Target Support Files/Pods-FreeFoodUniversityTests/Pods-FreeFoodUniversityTests.debug.xcconfig"; sourceTree = "<group>"; };
		C50DFD7328A6D59500F57948 /* renameFunctions.swift */ = {isa = PBXFileReference; lastKnownFileType = sourcecode.swift; path = renameFunctions.swift; sourceTree = "<group>"; };
		C50DFD7728A7398000F57948 /* ImagePicker.swift */ = {isa = PBXFileReference; lastKnownFileType = sourcecode.swift; path = ImagePicker.swift; sourceTree = "<group>"; };
		C592537028ABFAD50041F1FC /* Info.plist */ = {isa = PBXFileReference; lastKnownFileType = text.plist; path = Info.plist; sourceTree = "<group>"; };
		C592537128AC3FA50041F1FC /* GoogleAddFoodView.swift */ = {isa = PBXFileReference; lastKnownFileType = sourcecode.swift; path = GoogleAddFoodView.swift; sourceTree = "<group>"; };
		C592537328AD9C1F0041F1FC /* PictureView.swift */ = {isa = PBXFileReference; lastKnownFileType = sourcecode.swift; path = PictureView.swift; sourceTree = "<group>"; };
		C5B44DA3287B68A300A78E94 /* AboutUsView.swift */ = {isa = PBXFileReference; lastKnownFileType = sourcecode.swift; path = AboutUsView.swift; sourceTree = "<group>"; };
		C5B44DA5287B723800A78E94 /* NavButtonsView.swift */ = {isa = PBXFileReference; lastKnownFileType = sourcecode.swift; path = NavButtonsView.swift; sourceTree = "<group>"; };
		C5B44DA7287B742800A78E94 /* StatsView.swift */ = {isa = PBXFileReference; lastKnownFileType = sourcecode.swift; path = StatsView.swift; sourceTree = "<group>"; };
		C5B44DA9287B749C00A78E94 /* pickCollegeView.swift */ = {isa = PBXFileReference; lastKnownFileType = sourcecode.swift; path = pickCollegeView.swift; sourceTree = "<group>"; };
		C5B44DAE287D205000A78E94 /* AddFoodView.swift */ = {isa = PBXFileReference; lastKnownFileType = sourcecode.swift; path = AddFoodView.swift; sourceTree = "<group>"; };
		C5B44DB0287D20D700A78E94 /* CollegeView.swift */ = {isa = PBXFileReference; lastKnownFileType = sourcecode.swift; path = CollegeView.swift; sourceTree = "<group>"; };
		C5B44DB4287D350F00A78E94 /* CollegeLocations.swift */ = {isa = PBXFileReference; lastKnownFileType = sourcecode.swift; path = CollegeLocations.swift; sourceTree = "<group>"; };
		C5B44DB6287FACD500A78E94 /* ProfileView.swift */ = {isa = PBXFileReference; lastKnownFileType = sourcecode.swift; path = ProfileView.swift; sourceTree = "<group>"; };
		C5C011192889071A00520DCA /* MarkerView.swift */ = {isa = PBXFileReference; lastKnownFileType = sourcecode.swift; path = MarkerView.swift; sourceTree = "<group>"; };
		C5CD8E50287FD0AB00434E50 /* FeedbackView.swift */ = {isa = PBXFileReference; lastKnownFileType = sourcecode.swift; path = FeedbackView.swift; sourceTree = "<group>"; };
		C5CD8E52287FD2CC00434E50 /* SettingsView.swift */ = {isa = PBXFileReference; lastKnownFileType = sourcecode.swift; path = SettingsView.swift; sourceTree = "<group>"; };
		C5CD8E5A2883ACB600434E50 /* ShareViewController.swift */ = {isa = PBXFileReference; lastKnownFileType = sourcecode.swift; path = ShareViewController.swift; sourceTree = "<group>"; };
		C5F3C8132895F2AA00293545 /* LocationController.swift */ = {isa = PBXFileReference; lastKnownFileType = sourcecode.swift; path = LocationController.swift; sourceTree = "<group>"; };
		C5F3C8152898D58500293545 /* TechStackView.swift */ = {isa = PBXFileReference; lastKnownFileType = sourcecode.swift; path = TechStackView.swift; sourceTree = "<group>"; };
		C9C078EC8CD742CD1E50443E /* Pods_FreeFoodUniversityTests.framework */ = {isa = PBXFileReference; explicitFileType = wrapper.framework; includeInIndex = 0; path = Pods_FreeFoodUniversityTests.framework; sourceTree = BUILT_PRODUCTS_DIR; };
		D83CA18628AC62CC00636568 /* ListView.swift */ = {isa = PBXFileReference; lastKnownFileType = sourcecode.swift; path = ListView.swift; sourceTree = "<group>"; };
		D858D09B284D605000F5D4A1 /* Free Food.app */ = {isa = PBXFileReference; explicitFileType = wrapper.application; includeInIndex = 0; path = "Free Food.app"; sourceTree = BUILT_PRODUCTS_DIR; };
		D858D09E284D605000F5D4A1 /* FreeFoodUniversityApp.swift */ = {isa = PBXFileReference; lastKnownFileType = sourcecode.swift; path = FreeFoodUniversityApp.swift; sourceTree = "<group>"; };
		D858D0A0284D605000F5D4A1 /* ContentView.swift */ = {isa = PBXFileReference; lastKnownFileType = sourcecode.swift; path = ContentView.swift; sourceTree = "<group>"; };
		D858D0A2284D605100F5D4A1 /* Assets.xcassets */ = {isa = PBXFileReference; lastKnownFileType = folder.assetcatalog; path = Assets.xcassets; sourceTree = "<group>"; };
		D858D0A5284D605100F5D4A1 /* Preview Assets.xcassets */ = {isa = PBXFileReference; lastKnownFileType = folder.assetcatalog; path = "Preview Assets.xcassets"; sourceTree = "<group>"; };
		D858D0A7284D605100F5D4A1 /* Persistence.swift */ = {isa = PBXFileReference; lastKnownFileType = sourcecode.swift; path = Persistence.swift; sourceTree = "<group>"; };
		D858D0AA284D605100F5D4A1 /* FreeFoodUniversity.xcdatamodel */ = {isa = PBXFileReference; lastKnownFileType = wrapper.xcdatamodel; path = FreeFoodUniversity.xcdatamodel; sourceTree = "<group>"; };
		D858D0B0284D605100F5D4A1 /* FreeFoodUniversityTests.xctest */ = {isa = PBXFileReference; explicitFileType = wrapper.cfbundle; includeInIndex = 0; path = FreeFoodUniversityTests.xctest; sourceTree = BUILT_PRODUCTS_DIR; };
		D858D0B4284D605100F5D4A1 /* FreeFoodUniversityTests.swift */ = {isa = PBXFileReference; lastKnownFileType = sourcecode.swift; path = FreeFoodUniversityTests.swift; sourceTree = "<group>"; };
		D858D0BA284D605100F5D4A1 /* FreeFoodUniversityUITests.xctest */ = {isa = PBXFileReference; explicitFileType = wrapper.cfbundle; includeInIndex = 0; path = FreeFoodUniversityUITests.xctest; sourceTree = BUILT_PRODUCTS_DIR; };
		D858D0BE284D605100F5D4A1 /* FreeFoodUniversityUITests.swift */ = {isa = PBXFileReference; lastKnownFileType = sourcecode.swift; path = FreeFoodUniversityUITests.swift; sourceTree = "<group>"; };
		D858D0C0284D605100F5D4A1 /* FreeFoodUniversityUITestsLaunchTests.swift */ = {isa = PBXFileReference; lastKnownFileType = sourcecode.swift; path = FreeFoodUniversityUITestsLaunchTests.swift; sourceTree = "<group>"; };
		D8ACEF8728A6EB170027F88B /* BamaView.swift */ = {isa = PBXFileReference; lastKnownFileType = sourcecode.swift; path = BamaView.swift; sourceTree = "<group>"; };
		D8ACEF8B28A6F3440027F88B /* Marker.swift */ = {isa = PBXFileReference; lastKnownFileType = sourcecode.swift; path = Marker.swift; sourceTree = "<group>"; };
		D8ACEF8E28A6F3850027F88B /* Stats.swift */ = {isa = PBXFileReference; lastKnownFileType = sourcecode.swift; path = Stats.swift; sourceTree = "<group>"; };
		D8ACEF9028A6F3C60027F88B /* MainPageContentView.swift */ = {isa = PBXFileReference; lastKnownFileType = sourcecode.swift; path = MainPageContentView.swift; sourceTree = "<group>"; };
		D8ACEF9328A6F4190027F88B /* GoogleMapsView.swift */ = {isa = PBXFileReference; lastKnownFileType = sourcecode.swift; path = GoogleMapsView.swift; sourceTree = "<group>"; };
		D8ACEF9528A6F4770027F88B /* MainContentView.swift */ = {isa = PBXFileReference; lastKnownFileType = sourcecode.swift; path = MainContentView.swift; sourceTree = "<group>"; };
		D8ACEF9728A6F4B60027F88B /* Utility.swift */ = {isa = PBXFileReference; lastKnownFileType = sourcecode.swift; path = Utility.swift; sourceTree = "<group>"; };
		D8E24B4128A5A21D00529875 /* SelectCollegeDropDownView.swift */ = {isa = PBXFileReference; lastKnownFileType = sourcecode.swift; path = SelectCollegeDropDownView.swift; sourceTree = "<group>"; };
		EE091B53E51D0BFDC444FECD /* Pods-FreeFoodUniversity-FreeFoodUniversityUITests.release.xcconfig */ = {isa = PBXFileReference; includeInIndex = 1; lastKnownFileType = text.xcconfig; name = "Pods-FreeFoodUniversity-FreeFoodUniversityUITests.release.xcconfig"; path = "Target Support Files/Pods-FreeFoodUniversity-FreeFoodUniversityUITests/Pods-FreeFoodUniversity-FreeFoodUniversityUITests.release.xcconfig"; sourceTree = "<group>"; };
		EE1806A9253F5FBACA57420F /* Pods_FreeFoodUniversity.framework */ = {isa = PBXFileReference; explicitFileType = wrapper.framework; includeInIndex = 0; path = Pods_FreeFoodUniversity.framework; sourceTree = BUILT_PRODUCTS_DIR; };
/* End PBXFileReference section */

/* Begin PBXFrameworksBuildPhase section */
		D858D098284D605000F5D4A1 /* Frameworks */ = {
			isa = PBXFrameworksBuildPhase;
			buildActionMask = 2147483647;
			files = (
				24733894AB7659F60A78B84F /* Pods_FreeFoodUniversity.framework in Frameworks */,
			);
			runOnlyForDeploymentPostprocessing = 0;
		};
		D858D0AD284D605100F5D4A1 /* Frameworks */ = {
			isa = PBXFrameworksBuildPhase;
			buildActionMask = 2147483647;
			files = (
				A3F21AEFB6227CF105739394 /* Pods_FreeFoodUniversityTests.framework in Frameworks */,
			);
			runOnlyForDeploymentPostprocessing = 0;
		};
		D858D0B7284D605100F5D4A1 /* Frameworks */ = {
			isa = PBXFrameworksBuildPhase;
			buildActionMask = 2147483647;
			files = (
				2CC1E230E403CF2863DC5DD9 /* Pods_FreeFoodUniversity_FreeFoodUniversityUITests.framework in Frameworks */,
			);
			runOnlyForDeploymentPostprocessing = 0;
		};
/* End PBXFrameworksBuildPhase section */

/* Begin PBXGroup section */
		02B6961C62DE3EE57BEF1C59 /* Pods */ = {
			isa = PBXGroup;
			children = (
				884BBD315E5C41E5FE261DC7 /* Pods-FreeFoodUniversity.debug.xcconfig */,
				9451D00A0EE52C13F1DDA2AF /* Pods-FreeFoodUniversity.release.xcconfig */,
				17201F9C1816886B63B1E3D4 /* Pods-FreeFoodUniversity-FreeFoodUniversityUITests.debug.xcconfig */,
				EE091B53E51D0BFDC444FECD /* Pods-FreeFoodUniversity-FreeFoodUniversityUITests.release.xcconfig */,
				A68180F7B09A5C4F8148F772 /* Pods-FreeFoodUniversityTests.debug.xcconfig */,
				6E3FA63E5BAA4340E6BB5693 /* Pods-FreeFoodUniversityTests.release.xcconfig */,
			);
			path = Pods;
			sourceTree = "<group>";
		};
		8D3F213FB5CA58A335B52B59 /* Frameworks */ = {
			isa = PBXGroup;
			children = (
				EE1806A9253F5FBACA57420F /* Pods_FreeFoodUniversity.framework */,
				192765A7467C678F83AFEC40 /* Pods_FreeFoodUniversity_FreeFoodUniversityUITests.framework */,
				C9C078EC8CD742CD1E50443E /* Pods_FreeFoodUniversityTests.framework */,
			);
			name = Frameworks;
			sourceTree = "<group>";
		};
		C5B44D92286106DE00A78E94 /* ContentViews */ = {
			isa = PBXGroup;
			children = (
				D858D0A0284D605000F5D4A1 /* ContentView.swift */,
				D8ACEF8728A6EB170027F88B /* BamaView.swift */,
				C5B44DA3287B68A300A78E94 /* AboutUsView.swift */,
				C5B44DA5287B723800A78E94 /* NavButtonsView.swift */,
				C5B44DA7287B742800A78E94 /* StatsView.swift */,
				C5B44DA9287B749C00A78E94 /* pickCollegeView.swift */,
				D8E24B4128A5A21D00529875 /* SelectCollegeDropDownView.swift */,
				C5B44DAE287D205000A78E94 /* AddFoodView.swift */,
				C5B44DB0287D20D700A78E94 /* CollegeView.swift */,
				C5B44DB4287D350F00A78E94 /* CollegeLocations.swift */,
				C5B44DB6287FACD500A78E94 /* ProfileView.swift */,
				C5CD8E50287FD0AB00434E50 /* FeedbackView.swift */,
				C5CD8E52287FD2CC00434E50 /* SettingsView.swift */,
				C5C011192889071A00520DCA /* MarkerView.swift */,
				C5F3C8152898D58500293545 /* TechStackView.swift */,
				D8ACEF9028A6F3C60027F88B /* MainPageContentView.swift */,
				D8ACEF9328A6F4190027F88B /* GoogleMapsView.swift */,
				D8ACEF9528A6F4770027F88B /* MainContentView.swift */,
				C592537128AC3FA50041F1FC /* GoogleAddFoodView.swift */,
				D83CA18628AC62CC00636568 /* ListView.swift */,
				C592537328AD9C1F0041F1FC /* PictureView.swift */,
			);
			path = ContentViews;
			sourceTree = "<group>";
		};
		D858D092284D605000F5D4A1 = {
			isa = PBXGroup;
			children = (
				D858D09D284D605000F5D4A1 /* FreeFoodUniversity */,
				D858D0B3284D605100F5D4A1 /* FreeFoodUniversityTests */,
				D858D0BD284D605100F5D4A1 /* FreeFoodUniversityUITests */,
				D858D09C284D605000F5D4A1 /* Products */,
				02B6961C62DE3EE57BEF1C59 /* Pods */,
				8D3F213FB5CA58A335B52B59 /* Frameworks */,
			);
			sourceTree = "<group>";
		};
		D858D09C284D605000F5D4A1 /* Products */ = {
			isa = PBXGroup;
			children = (
				D858D09B284D605000F5D4A1 /* Free Food.app */,
				D858D0B0284D605100F5D4A1 /* FreeFoodUniversityTests.xctest */,
				D858D0BA284D605100F5D4A1 /* FreeFoodUniversityUITests.xctest */,
			);
			name = Products;
			sourceTree = "<group>";
		};
		D858D09D284D605000F5D4A1 /* FreeFoodUniversity */ = {
			isa = PBXGroup;
			children = (
				C592537028ABFAD50041F1FC /* Info.plist */,
				D8ACEF8A28A6F3250027F88B /* Structs */,
				C5CD8E5A2883ACB600434E50 /* ShareViewController.swift */,
				C5B44D92286106DE00A78E94 /* ContentViews */,
				D858D09E284D605000F5D4A1 /* FreeFoodUniversityApp.swift */,
				D858D0A2284D605100F5D4A1 /* Assets.xcassets */,
				D858D0A7284D605100F5D4A1 /* Persistence.swift */,
				D858D0A9284D605100F5D4A1 /* FreeFoodUniversity.xcdatamodeld */,
				D858D0A4284D605100F5D4A1 /* Preview Content */,
				C5F3C8132895F2AA00293545 /* LocationController.swift */,
				C50DFD7328A6D59500F57948 /* renameFunctions.swift */,
				D8ACEF9728A6F4B60027F88B /* Utility.swift */,
				C50DFD7728A7398000F57948 /* ImagePicker.swift */,
			);
			path = FreeFoodUniversity;
			sourceTree = "<group>";
		};
		D858D0A4284D605100F5D4A1 /* Preview Content */ = {
			isa = PBXGroup;
			children = (
				D858D0A5284D605100F5D4A1 /* Preview Assets.xcassets */,
			);
			path = "Preview Content";
			sourceTree = "<group>";
		};
		D858D0B3284D605100F5D4A1 /* FreeFoodUniversityTests */ = {
			isa = PBXGroup;
			children = (
				D858D0B4284D605100F5D4A1 /* FreeFoodUniversityTests.swift */,
			);
			path = FreeFoodUniversityTests;
			sourceTree = "<group>";
		};
		D858D0BD284D605100F5D4A1 /* FreeFoodUniversityUITests */ = {
			isa = PBXGroup;
			children = (
				D858D0BE284D605100F5D4A1 /* FreeFoodUniversityUITests.swift */,
				D858D0C0284D605100F5D4A1 /* FreeFoodUniversityUITestsLaunchTests.swift */,
			);
			path = FreeFoodUniversityUITests;
			sourceTree = "<group>";
		};
		D8ACEF8A28A6F3250027F88B /* Structs */ = {
			isa = PBXGroup;
			children = (
				D8ACEF8B28A6F3440027F88B /* Marker.swift */,
				D8ACEF8E28A6F3850027F88B /* Stats.swift */,
			);
			path = Structs;
			sourceTree = "<group>";
		};
/* End PBXGroup section */

/* Begin PBXNativeTarget section */
		D858D09A284D605000F5D4A1 /* FreeFoodUniversity */ = {
			isa = PBXNativeTarget;
			buildConfigurationList = D858D0C4284D605100F5D4A1 /* Build configuration list for PBXNativeTarget "FreeFoodUniversity" */;
			buildPhases = (
				454D393B6CC9ED08902031BA /* [CP] Check Pods Manifest.lock */,
				D858D097284D605000F5D4A1 /* Sources */,
				D858D098284D605000F5D4A1 /* Frameworks */,
				D858D099284D605000F5D4A1 /* Resources */,
				762C2016314EA561CD32D902 /* [CP] Embed Pods Frameworks */,
				F6C72A5E3B122D069EA0B7EB /* [CP] Copy Pods Resources */,
			);
			buildRules = (
			);
			dependencies = (
			);
			name = FreeFoodUniversity;
			productName = FreeFoodUniversity;
			productReference = D858D09B284D605000F5D4A1 /* Free Food.app */;
			productType = "com.apple.product-type.application";
		};
		D858D0AF284D605100F5D4A1 /* FreeFoodUniversityTests */ = {
			isa = PBXNativeTarget;
			buildConfigurationList = D858D0C7284D605100F5D4A1 /* Build configuration list for PBXNativeTarget "FreeFoodUniversityTests" */;
			buildPhases = (
				2F9BBFD6DD3087FFC98842B5 /* [CP] Check Pods Manifest.lock */,
				D858D0AC284D605100F5D4A1 /* Sources */,
				D858D0AD284D605100F5D4A1 /* Frameworks */,
				D858D0AE284D605100F5D4A1 /* Resources */,
			);
			buildRules = (
			);
			dependencies = (
				D858D0B2284D605100F5D4A1 /* PBXTargetDependency */,
			);
			name = FreeFoodUniversityTests;
			productName = FreeFoodUniversityTests;
			productReference = D858D0B0284D605100F5D4A1 /* FreeFoodUniversityTests.xctest */;
			productType = "com.apple.product-type.bundle.unit-test";
		};
		D858D0B9284D605100F5D4A1 /* FreeFoodUniversityUITests */ = {
			isa = PBXNativeTarget;
			buildConfigurationList = D858D0CA284D605100F5D4A1 /* Build configuration list for PBXNativeTarget "FreeFoodUniversityUITests" */;
			buildPhases = (
				E89152C08DFAD95F5E53F59D /* [CP] Check Pods Manifest.lock */,
				D858D0B6284D605100F5D4A1 /* Sources */,
				D858D0B7284D605100F5D4A1 /* Frameworks */,
				D858D0B8284D605100F5D4A1 /* Resources */,
				1FCEB04833B9B8F4A02C5F11 /* [CP] Embed Pods Frameworks */,
				F9EE95F261242397D7A705FF /* [CP] Copy Pods Resources */,
			);
			buildRules = (
			);
			dependencies = (
				D858D0BC284D605100F5D4A1 /* PBXTargetDependency */,
			);
			name = FreeFoodUniversityUITests;
			productName = FreeFoodUniversityUITests;
			productReference = D858D0BA284D605100F5D4A1 /* FreeFoodUniversityUITests.xctest */;
			productType = "com.apple.product-type.bundle.ui-testing";
		};
/* End PBXNativeTarget section */

/* Begin PBXProject section */
		D858D093284D605000F5D4A1 /* Project object */ = {
			isa = PBXProject;
			attributes = {
				BuildIndependentTargetsInParallel = 1;
				LastSwiftUpdateCheck = 1340;
				LastUpgradeCheck = 1340;
				TargetAttributes = {
					D858D09A284D605000F5D4A1 = {
						CreatedOnToolsVersion = 13.4.1;
					};
					D858D0AF284D605100F5D4A1 = {
						CreatedOnToolsVersion = 13.4.1;
						TestTargetID = D858D09A284D605000F5D4A1;
					};
					D858D0B9284D605100F5D4A1 = {
						CreatedOnToolsVersion = 13.4.1;
						TestTargetID = D858D09A284D605000F5D4A1;
					};
				};
			};
			buildConfigurationList = D858D096284D605000F5D4A1 /* Build configuration list for PBXProject "FreeFoodUniversity" */;
			compatibilityVersion = "Xcode 13.0";
			developmentRegion = en;
			hasScannedForEncodings = 0;
			knownRegions = (
				en,
				Base,
			);
			mainGroup = D858D092284D605000F5D4A1;
			productRefGroup = D858D09C284D605000F5D4A1 /* Products */;
			projectDirPath = "";
			projectRoot = "";
			targets = (
				D858D09A284D605000F5D4A1 /* FreeFoodUniversity */,
				D858D0AF284D605100F5D4A1 /* FreeFoodUniversityTests */,
				D858D0B9284D605100F5D4A1 /* FreeFoodUniversityUITests */,
			);
		};
/* End PBXProject section */

/* Begin PBXResourcesBuildPhase section */
		D858D099284D605000F5D4A1 /* Resources */ = {
			isa = PBXResourcesBuildPhase;
			buildActionMask = 2147483647;
			files = (
				D858D0A6284D605100F5D4A1 /* Preview Assets.xcassets in Resources */,
				D858D0A3284D605100F5D4A1 /* Assets.xcassets in Resources */,
			);
			runOnlyForDeploymentPostprocessing = 0;
		};
		D858D0AE284D605100F5D4A1 /* Resources */ = {
			isa = PBXResourcesBuildPhase;
			buildActionMask = 2147483647;
			files = (
			);
			runOnlyForDeploymentPostprocessing = 0;
		};
		D858D0B8284D605100F5D4A1 /* Resources */ = {
			isa = PBXResourcesBuildPhase;
			buildActionMask = 2147483647;
			files = (
			);
			runOnlyForDeploymentPostprocessing = 0;
		};
/* End PBXResourcesBuildPhase section */

/* Begin PBXShellScriptBuildPhase section */
		1FCEB04833B9B8F4A02C5F11 /* [CP] Embed Pods Frameworks */ = {
			isa = PBXShellScriptBuildPhase;
			buildActionMask = 2147483647;
			files = (
			);
			inputFileListPaths = (
				"${PODS_ROOT}/Target Support Files/Pods-FreeFoodUniversity-FreeFoodUniversityUITests/Pods-FreeFoodUniversity-FreeFoodUniversityUITests-frameworks-${CONFIGURATION}-input-files.xcfilelist",
			);
			name = "[CP] Embed Pods Frameworks";
			outputFileListPaths = (
				"${PODS_ROOT}/Target Support Files/Pods-FreeFoodUniversity-FreeFoodUniversityUITests/Pods-FreeFoodUniversity-FreeFoodUniversityUITests-frameworks-${CONFIGURATION}-output-files.xcfilelist",
			);
			runOnlyForDeploymentPostprocessing = 0;
			shellPath = /bin/sh;
			shellScript = "\"${PODS_ROOT}/Target Support Files/Pods-FreeFoodUniversity-FreeFoodUniversityUITests/Pods-FreeFoodUniversity-FreeFoodUniversityUITests-frameworks.sh\"\n";
			showEnvVarsInLog = 0;
		};
		2F9BBFD6DD3087FFC98842B5 /* [CP] Check Pods Manifest.lock */ = {
			isa = PBXShellScriptBuildPhase;
			buildActionMask = 2147483647;
			files = (
			);
			inputFileListPaths = (
			);
			inputPaths = (
				"${PODS_PODFILE_DIR_PATH}/Podfile.lock",
				"${PODS_ROOT}/Manifest.lock",
			);
			name = "[CP] Check Pods Manifest.lock";
			outputFileListPaths = (
			);
			outputPaths = (
				"$(DERIVED_FILE_DIR)/Pods-FreeFoodUniversityTests-checkManifestLockResult.txt",
			);
			runOnlyForDeploymentPostprocessing = 0;
			shellPath = /bin/sh;
			shellScript = "diff \"${PODS_PODFILE_DIR_PATH}/Podfile.lock\" \"${PODS_ROOT}/Manifest.lock\" > /dev/null\nif [ $? != 0 ] ; then\n    # print error to STDERR\n    echo \"error: The sandbox is not in sync with the Podfile.lock. Run 'pod install' or update your CocoaPods installation.\" >&2\n    exit 1\nfi\n# This output is used by Xcode 'outputs' to avoid re-running this script phase.\necho \"SUCCESS\" > \"${SCRIPT_OUTPUT_FILE_0}\"\n";
			showEnvVarsInLog = 0;
		};
		454D393B6CC9ED08902031BA /* [CP] Check Pods Manifest.lock */ = {
			isa = PBXShellScriptBuildPhase;
			buildActionMask = 2147483647;
			files = (
			);
			inputFileListPaths = (
			);
			inputPaths = (
				"${PODS_PODFILE_DIR_PATH}/Podfile.lock",
				"${PODS_ROOT}/Manifest.lock",
			);
			name = "[CP] Check Pods Manifest.lock";
			outputFileListPaths = (
			);
			outputPaths = (
				"$(DERIVED_FILE_DIR)/Pods-FreeFoodUniversity-checkManifestLockResult.txt",
			);
			runOnlyForDeploymentPostprocessing = 0;
			shellPath = /bin/sh;
			shellScript = "diff \"${PODS_PODFILE_DIR_PATH}/Podfile.lock\" \"${PODS_ROOT}/Manifest.lock\" > /dev/null\nif [ $? != 0 ] ; then\n    # print error to STDERR\n    echo \"error: The sandbox is not in sync with the Podfile.lock. Run 'pod install' or update your CocoaPods installation.\" >&2\n    exit 1\nfi\n# This output is used by Xcode 'outputs' to avoid re-running this script phase.\necho \"SUCCESS\" > \"${SCRIPT_OUTPUT_FILE_0}\"\n";
			showEnvVarsInLog = 0;
		};
		762C2016314EA561CD32D902 /* [CP] Embed Pods Frameworks */ = {
			isa = PBXShellScriptBuildPhase;
			buildActionMask = 2147483647;
			files = (
			);
			inputFileListPaths = (
				"${PODS_ROOT}/Target Support Files/Pods-FreeFoodUniversity/Pods-FreeFoodUniversity-frameworks-${CONFIGURATION}-input-files.xcfilelist",
			);
			name = "[CP] Embed Pods Frameworks";
			outputFileListPaths = (
				"${PODS_ROOT}/Target Support Files/Pods-FreeFoodUniversity/Pods-FreeFoodUniversity-frameworks-${CONFIGURATION}-output-files.xcfilelist",
			);
			runOnlyForDeploymentPostprocessing = 0;
			shellPath = /bin/sh;
			shellScript = "\"${PODS_ROOT}/Target Support Files/Pods-FreeFoodUniversity/Pods-FreeFoodUniversity-frameworks.sh\"\n";
			showEnvVarsInLog = 0;
		};
		E89152C08DFAD95F5E53F59D /* [CP] Check Pods Manifest.lock */ = {
			isa = PBXShellScriptBuildPhase;
			buildActionMask = 2147483647;
			files = (
			);
			inputFileListPaths = (
			);
			inputPaths = (
				"${PODS_PODFILE_DIR_PATH}/Podfile.lock",
				"${PODS_ROOT}/Manifest.lock",
			);
			name = "[CP] Check Pods Manifest.lock";
			outputFileListPaths = (
			);
			outputPaths = (
				"$(DERIVED_FILE_DIR)/Pods-FreeFoodUniversity-FreeFoodUniversityUITests-checkManifestLockResult.txt",
			);
			runOnlyForDeploymentPostprocessing = 0;
			shellPath = /bin/sh;
			shellScript = "diff \"${PODS_PODFILE_DIR_PATH}/Podfile.lock\" \"${PODS_ROOT}/Manifest.lock\" > /dev/null\nif [ $? != 0 ] ; then\n    # print error to STDERR\n    echo \"error: The sandbox is not in sync with the Podfile.lock. Run 'pod install' or update your CocoaPods installation.\" >&2\n    exit 1\nfi\n# This output is used by Xcode 'outputs' to avoid re-running this script phase.\necho \"SUCCESS\" > \"${SCRIPT_OUTPUT_FILE_0}\"\n";
			showEnvVarsInLog = 0;
		};
		F6C72A5E3B122D069EA0B7EB /* [CP] Copy Pods Resources */ = {
			isa = PBXShellScriptBuildPhase;
			buildActionMask = 2147483647;
			files = (
			);
			inputFileListPaths = (
				"${PODS_ROOT}/Target Support Files/Pods-FreeFoodUniversity/Pods-FreeFoodUniversity-resources-${CONFIGURATION}-input-files.xcfilelist",
			);
			name = "[CP] Copy Pods Resources";
			outputFileListPaths = (
				"${PODS_ROOT}/Target Support Files/Pods-FreeFoodUniversity/Pods-FreeFoodUniversity-resources-${CONFIGURATION}-output-files.xcfilelist",
			);
			runOnlyForDeploymentPostprocessing = 0;
			shellPath = /bin/sh;
			shellScript = "\"${PODS_ROOT}/Target Support Files/Pods-FreeFoodUniversity/Pods-FreeFoodUniversity-resources.sh\"\n";
			showEnvVarsInLog = 0;
		};
		F9EE95F261242397D7A705FF /* [CP] Copy Pods Resources */ = {
			isa = PBXShellScriptBuildPhase;
			buildActionMask = 2147483647;
			files = (
			);
			inputFileListPaths = (
				"${PODS_ROOT}/Target Support Files/Pods-FreeFoodUniversity-FreeFoodUniversityUITests/Pods-FreeFoodUniversity-FreeFoodUniversityUITests-resources-${CONFIGURATION}-input-files.xcfilelist",
			);
			name = "[CP] Copy Pods Resources";
			outputFileListPaths = (
				"${PODS_ROOT}/Target Support Files/Pods-FreeFoodUniversity-FreeFoodUniversityUITests/Pods-FreeFoodUniversity-FreeFoodUniversityUITests-resources-${CONFIGURATION}-output-files.xcfilelist",
			);
			runOnlyForDeploymentPostprocessing = 0;
			shellPath = /bin/sh;
			shellScript = "\"${PODS_ROOT}/Target Support Files/Pods-FreeFoodUniversity-FreeFoodUniversityUITests/Pods-FreeFoodUniversity-FreeFoodUniversityUITests-resources.sh\"\n";
			showEnvVarsInLog = 0;
		};
/* End PBXShellScriptBuildPhase section */

/* Begin PBXSourcesBuildPhase section */
		D858D097284D605000F5D4A1 /* Sources */ = {
			isa = PBXSourcesBuildPhase;
			buildActionMask = 2147483647;
			files = (
				D8ACEF9828A6F4B60027F88B /* Utility.swift in Sources */,
				D858D0A8284D605100F5D4A1 /* Persistence.swift in Sources */,
				D83CA18728AC62CC00636568 /* ListView.swift in Sources */,
				C5B44DA4287B68A500A78E94 /* AboutUsView.swift in Sources */,
				D8ACEF9428A6F4190027F88B /* GoogleMapsView.swift in Sources */,
				D8ACEF8C28A6F3440027F88B /* Marker.swift in Sources */,
				D858D0A1284D605000F5D4A1 /* ContentView.swift in Sources */,
				D8ACEF9628A6F4770027F88B /* MainContentView.swift in Sources */,
				D858D09F284D605000F5D4A1 /* FreeFoodUniversityApp.swift in Sources */,
				C5B44DB7287FACD500A78E94 /* ProfileView.swift in Sources */,
				D8ACEF8828A6EB170027F88B /* BamaView.swift in Sources */,
				C5B44DB5287D350F00A78E94 /* CollegeLocations.swift in Sources */,
				C5CD8E5B2883ACB600434E50 /* ShareViewController.swift in Sources */,
				D858D0AB284D605100F5D4A1 /* FreeFoodUniversity.xcdatamodeld in Sources */,
				C5CD8E53287FD2CC00434E50 /* SettingsView.swift in Sources */,
				D8ACEF9128A6F3C60027F88B /* MainPageContentView.swift in Sources */,
				C5B44DAA287B749C00A78E94 /* pickCollegeView.swift in Sources */,
				C50DFD7828A7398000F57948 /* ImagePicker.swift in Sources */,
				D8ACEF8F28A6F3850027F88B /* Stats.swift in Sources */,
				C592537428AD9C200041F1FC /* PictureView.swift in Sources */,
				C5B44DB1287D20D700A78E94 /* CollegeView.swift in Sources */,
				C5C0111A2889071A00520DCA /* MarkerView.swift in Sources */,
				C5F3C8162898D58700293545 /* TechStackView.swift in Sources */,
				C5B44DA8287B742800A78E94 /* StatsView.swift in Sources */,
				C5B44DA6287B723800A78E94 /* NavButtonsView.swift in Sources */,
				C5CD8E51287FD0AB00434E50 /* FeedbackView.swift in Sources */,
				D8E24B4228A5A21D00529875 /* SelectCollegeDropDownView.swift in Sources */,
				C5F3C8142895F2AA00293545 /* LocationController.swift in Sources */,
				C592537228AC3FA60041F1FC /* GoogleAddFoodView.swift in Sources */,
				C50DFD7428A6D59500F57948 /* renameFunctions.swift in Sources */,
				C5B44DAF287D205000A78E94 /* AddFoodView.swift in Sources */,
			);
			runOnlyForDeploymentPostprocessing = 0;
		};
		D858D0AC284D605100F5D4A1 /* Sources */ = {
			isa = PBXSourcesBuildPhase;
			buildActionMask = 2147483647;
			files = (
				D858D0B5284D605100F5D4A1 /* FreeFoodUniversityTests.swift in Sources */,
			);
			runOnlyForDeploymentPostprocessing = 0;
		};
		D858D0B6284D605100F5D4A1 /* Sources */ = {
			isa = PBXSourcesBuildPhase;
			buildActionMask = 2147483647;
			files = (
				D858D0C1284D605100F5D4A1 /* FreeFoodUniversityUITestsLaunchTests.swift in Sources */,
				D858D0BF284D605100F5D4A1 /* FreeFoodUniversityUITests.swift in Sources */,
			);
			runOnlyForDeploymentPostprocessing = 0;
		};
/* End PBXSourcesBuildPhase section */

/* Begin PBXTargetDependency section */
		D858D0B2284D605100F5D4A1 /* PBXTargetDependency */ = {
			isa = PBXTargetDependency;
			target = D858D09A284D605000F5D4A1 /* FreeFoodUniversity */;
			targetProxy = D858D0B1284D605100F5D4A1 /* PBXContainerItemProxy */;
		};
		D858D0BC284D605100F5D4A1 /* PBXTargetDependency */ = {
			isa = PBXTargetDependency;
			target = D858D09A284D605000F5D4A1 /* FreeFoodUniversity */;
			targetProxy = D858D0BB284D605100F5D4A1 /* PBXContainerItemProxy */;
		};
/* End PBXTargetDependency section */

/* Begin XCBuildConfiguration section */
		D858D0C2284D605100F5D4A1 /* Debug */ = {
			isa = XCBuildConfiguration;
			buildSettings = {
				ALWAYS_SEARCH_USER_PATHS = NO;
				CLANG_ANALYZER_NONNULL = YES;
				CLANG_ANALYZER_NUMBER_OBJECT_CONVERSION = YES_AGGRESSIVE;
				CLANG_CXX_LANGUAGE_STANDARD = "gnu++17";
				CLANG_ENABLE_MODULES = YES;
				CLANG_ENABLE_OBJC_ARC = YES;
				CLANG_ENABLE_OBJC_WEAK = YES;
				CLANG_WARN_BLOCK_CAPTURE_AUTORELEASING = YES;
				CLANG_WARN_BOOL_CONVERSION = YES;
				CLANG_WARN_COMMA = YES;
				CLANG_WARN_CONSTANT_CONVERSION = YES;
				CLANG_WARN_DEPRECATED_OBJC_IMPLEMENTATIONS = YES;
				CLANG_WARN_DIRECT_OBJC_ISA_USAGE = YES_ERROR;
				CLANG_WARN_DOCUMENTATION_COMMENTS = YES;
				CLANG_WARN_EMPTY_BODY = YES;
				CLANG_WARN_ENUM_CONVERSION = YES;
				CLANG_WARN_INFINITE_RECURSION = YES;
				CLANG_WARN_INT_CONVERSION = YES;
				CLANG_WARN_NON_LITERAL_NULL_CONVERSION = YES;
				CLANG_WARN_OBJC_IMPLICIT_RETAIN_SELF = YES;
				CLANG_WARN_OBJC_LITERAL_CONVERSION = YES;
				CLANG_WARN_OBJC_ROOT_CLASS = YES_ERROR;
				CLANG_WARN_QUOTED_INCLUDE_IN_FRAMEWORK_HEADER = YES;
				CLANG_WARN_RANGE_LOOP_ANALYSIS = YES;
				CLANG_WARN_STRICT_PROTOTYPES = YES;
				CLANG_WARN_SUSPICIOUS_MOVE = YES;
				CLANG_WARN_UNGUARDED_AVAILABILITY = YES_AGGRESSIVE;
				CLANG_WARN_UNREACHABLE_CODE = YES;
				CLANG_WARN__DUPLICATE_METHOD_MATCH = YES;
				COPY_PHASE_STRIP = NO;
				DEBUG_INFORMATION_FORMAT = dwarf;
				ENABLE_STRICT_OBJC_MSGSEND = YES;
				ENABLE_TESTABILITY = YES;
				GCC_C_LANGUAGE_STANDARD = gnu11;
				GCC_DYNAMIC_NO_PIC = NO;
				GCC_NO_COMMON_BLOCKS = YES;
				GCC_OPTIMIZATION_LEVEL = 0;
				GCC_PREPROCESSOR_DEFINITIONS = (
					"DEBUG=1",
					"$(inherited)",
				);
				GCC_WARN_64_TO_32_BIT_CONVERSION = YES;
				GCC_WARN_ABOUT_RETURN_TYPE = YES_ERROR;
				GCC_WARN_UNDECLARED_SELECTOR = YES;
				GCC_WARN_UNINITIALIZED_AUTOS = YES_AGGRESSIVE;
				GCC_WARN_UNUSED_FUNCTION = YES;
				GCC_WARN_UNUSED_VARIABLE = YES;
				IPHONEOS_DEPLOYMENT_TARGET = 15.5;
				MTL_ENABLE_DEBUG_INFO = INCLUDE_SOURCE;
				MTL_FAST_MATH = YES;
				ONLY_ACTIVE_ARCH = YES;
				SDKROOT = iphoneos;
				SWIFT_ACTIVE_COMPILATION_CONDITIONS = DEBUG;
				SWIFT_OPTIMIZATION_LEVEL = "-Onone";
			};
			name = Debug;
		};
		D858D0C3284D605100F5D4A1 /* Release */ = {
			isa = XCBuildConfiguration;
			buildSettings = {
				ALWAYS_SEARCH_USER_PATHS = NO;
				CLANG_ANALYZER_NONNULL = YES;
				CLANG_ANALYZER_NUMBER_OBJECT_CONVERSION = YES_AGGRESSIVE;
				CLANG_CXX_LANGUAGE_STANDARD = "gnu++17";
				CLANG_ENABLE_MODULES = YES;
				CLANG_ENABLE_OBJC_ARC = YES;
				CLANG_ENABLE_OBJC_WEAK = YES;
				CLANG_WARN_BLOCK_CAPTURE_AUTORELEASING = YES;
				CLANG_WARN_BOOL_CONVERSION = YES;
				CLANG_WARN_COMMA = YES;
				CLANG_WARN_CONSTANT_CONVERSION = YES;
				CLANG_WARN_DEPRECATED_OBJC_IMPLEMENTATIONS = YES;
				CLANG_WARN_DIRECT_OBJC_ISA_USAGE = YES_ERROR;
				CLANG_WARN_DOCUMENTATION_COMMENTS = YES;
				CLANG_WARN_EMPTY_BODY = YES;
				CLANG_WARN_ENUM_CONVERSION = YES;
				CLANG_WARN_INFINITE_RECURSION = YES;
				CLANG_WARN_INT_CONVERSION = YES;
				CLANG_WARN_NON_LITERAL_NULL_CONVERSION = YES;
				CLANG_WARN_OBJC_IMPLICIT_RETAIN_SELF = YES;
				CLANG_WARN_OBJC_LITERAL_CONVERSION = YES;
				CLANG_WARN_OBJC_ROOT_CLASS = YES_ERROR;
				CLANG_WARN_QUOTED_INCLUDE_IN_FRAMEWORK_HEADER = YES;
				CLANG_WARN_RANGE_LOOP_ANALYSIS = YES;
				CLANG_WARN_STRICT_PROTOTYPES = YES;
				CLANG_WARN_SUSPICIOUS_MOVE = YES;
				CLANG_WARN_UNGUARDED_AVAILABILITY = YES_AGGRESSIVE;
				CLANG_WARN_UNREACHABLE_CODE = YES;
				CLANG_WARN__DUPLICATE_METHOD_MATCH = YES;
				COPY_PHASE_STRIP = NO;
				DEBUG_INFORMATION_FORMAT = "dwarf-with-dsym";
				ENABLE_NS_ASSERTIONS = NO;
				ENABLE_STRICT_OBJC_MSGSEND = YES;
				GCC_C_LANGUAGE_STANDARD = gnu11;
				GCC_NO_COMMON_BLOCKS = YES;
				GCC_WARN_64_TO_32_BIT_CONVERSION = YES;
				GCC_WARN_ABOUT_RETURN_TYPE = YES_ERROR;
				GCC_WARN_UNDECLARED_SELECTOR = YES;
				GCC_WARN_UNINITIALIZED_AUTOS = YES_AGGRESSIVE;
				GCC_WARN_UNUSED_FUNCTION = YES;
				GCC_WARN_UNUSED_VARIABLE = YES;
				IPHONEOS_DEPLOYMENT_TARGET = 15.5;
				MTL_ENABLE_DEBUG_INFO = NO;
				MTL_FAST_MATH = YES;
				SDKROOT = iphoneos;
				SWIFT_COMPILATION_MODE = wholemodule;
				SWIFT_OPTIMIZATION_LEVEL = "-O";
				VALIDATE_PRODUCT = YES;
			};
			name = Release;
		};
		D858D0C5284D605100F5D4A1 /* Debug */ = {
			isa = XCBuildConfiguration;
			baseConfigurationReference = 884BBD315E5C41E5FE261DC7 /* Pods-FreeFoodUniversity.debug.xcconfig */;
			buildSettings = {
				ASSETCATALOG_COMPILER_APPICON_NAME = AppIcon;
				ASSETCATALOG_COMPILER_GLOBAL_ACCENT_COLOR_NAME = AccentColor;
				CODE_SIGN_STYLE = Automatic;
				CURRENT_PROJECT_VERSION = 1;
				DEVELOPMENT_ASSET_PATHS = "\"FreeFoodUniversity/Preview Content\"";
				DEVELOPMENT_TEAM = A392TF3NL6;
				ENABLE_PREVIEWS = YES;
				GENERATE_INFOPLIST_FILE = YES;
				INFOPLIST_FILE = FreeFoodUniversity/Info.plist;
				"INFOPLIST_FILE[sdk=*]" = "";
				INFOPLIST_KEY_LSApplicationCategoryType = "";
				INFOPLIST_KEY_NSCameraUsageDescription = "Please allow Free Food University to access the camera";
				INFOPLIST_KEY_NSLocationWhenInUseUsageDescription = "To allow user to easily find food near them";
				INFOPLIST_KEY_UIApplicationSceneManifest_Generation = YES;
				INFOPLIST_KEY_UIApplicationSupportsIndirectInputEvents = YES;
				INFOPLIST_KEY_UILaunchScreen_Generation = YES;
				INFOPLIST_KEY_UISupportedInterfaceOrientations = UIInterfaceOrientationPortrait;
				INFOPLIST_KEY_UISupportedInterfaceOrientations_iPad = "UIInterfaceOrientationPortrait UIInterfaceOrientationPortraitUpsideDown UIInterfaceOrientationLandscapeLeft UIInterfaceOrientationLandscapeRight";
				INFOPLIST_KEY_UISupportedInterfaceOrientations_iPhone = UIInterfaceOrientationPortrait;
				LD_RUNPATH_SEARCH_PATHS = (
					"$(inherited)",
					"@executable_path/Frameworks",
				);
				MARKETING_VERSION = 1.0;
				PRODUCT_BUNDLE_IDENTIFIER = FreeFoodUniversity;
				PRODUCT_NAME = "Free Food";
				SWIFT_EMIT_LOC_STRINGS = YES;
				SWIFT_VERSION = 5.0;
				TARGETED_DEVICE_FAMILY = "1,2";
			};
			name = Debug;
		};
		D858D0C6284D605100F5D4A1 /* Release */ = {
			isa = XCBuildConfiguration;
			baseConfigurationReference = 9451D00A0EE52C13F1DDA2AF /* Pods-FreeFoodUniversity.release.xcconfig */;
			buildSettings = {
				ASSETCATALOG_COMPILER_APPICON_NAME = AppIcon;
				ASSETCATALOG_COMPILER_GLOBAL_ACCENT_COLOR_NAME = AccentColor;
				CODE_SIGN_STYLE = Automatic;
				CURRENT_PROJECT_VERSION = 1;
				DEVELOPMENT_ASSET_PATHS = "\"FreeFoodUniversity/Preview Content\"";
				DEVELOPMENT_TEAM = H29D4M5X32;
				ENABLE_PREVIEWS = YES;
				GENERATE_INFOPLIST_FILE = YES;
				INFOPLIST_FILE = "<key>NSLocationWhenInUseUsageDescription</key><string>Description</string>";
				"INFOPLIST_FILE[sdk=*]" = "";
				INFOPLIST_KEY_LSApplicationCategoryType = "";
				INFOPLIST_KEY_NSCameraUsageDescription = "Please allow Free Food University to access the camera";
				INFOPLIST_KEY_NSLocationWhenInUseUsageDescription = "To allow user to easily find food near them";
				INFOPLIST_KEY_UIApplicationSceneManifest_Generation = YES;
				INFOPLIST_KEY_UIApplicationSupportsIndirectInputEvents = YES;
				INFOPLIST_KEY_UILaunchScreen_Generation = YES;
				INFOPLIST_KEY_UISupportedInterfaceOrientations = UIInterfaceOrientationPortrait;
				INFOPLIST_KEY_UISupportedInterfaceOrientations_iPad = "UIInterfaceOrientationPortrait UIInterfaceOrientationPortraitUpsideDown UIInterfaceOrientationLandscapeLeft UIInterfaceOrientationLandscapeRight";
				INFOPLIST_KEY_UISupportedInterfaceOrientations_iPhone = UIInterfaceOrientationPortrait;
				LD_RUNPATH_SEARCH_PATHS = (
					"$(inherited)",
					"@executable_path/Frameworks",
				);
				MARKETING_VERSION = 1.0;
				PRODUCT_BUNDLE_IDENTIFIER = FreeFoodUniversity;
				PRODUCT_NAME = "Free Food";
				SWIFT_EMIT_LOC_STRINGS = YES;
				SWIFT_VERSION = 5.0;
				TARGETED_DEVICE_FAMILY = "1,2";
			};
			name = Release;
		};
		D858D0C8284D605100F5D4A1 /* Debug */ = {
			isa = XCBuildConfiguration;
			baseConfigurationReference = A68180F7B09A5C4F8148F772 /* Pods-FreeFoodUniversityTests.debug.xcconfig */;
			buildSettings = {
				ALWAYS_EMBED_SWIFT_STANDARD_LIBRARIES = YES;
				BUNDLE_LOADER = "$(TEST_HOST)";
				CODE_SIGN_STYLE = Automatic;
				CURRENT_PROJECT_VERSION = 1;
				GENERATE_INFOPLIST_FILE = YES;
				IPHONEOS_DEPLOYMENT_TARGET = 15.5;
				MARKETING_VERSION = 1.0;
				PRODUCT_BUNDLE_IDENTIFIER = com.freefooduniversity.FreeFoodUniversityTests;
				PRODUCT_NAME = "$(TARGET_NAME)";
				SWIFT_EMIT_LOC_STRINGS = NO;
				SWIFT_VERSION = 5.0;
				TARGETED_DEVICE_FAMILY = "1,2";
				TEST_HOST = "$(BUILT_PRODUCTS_DIR)/FreeFoodUniversity.app/FreeFoodUniversity";
			};
			name = Debug;
		};
		D858D0C9284D605100F5D4A1 /* Release */ = {
			isa = XCBuildConfiguration;
			baseConfigurationReference = 6E3FA63E5BAA4340E6BB5693 /* Pods-FreeFoodUniversityTests.release.xcconfig */;
			buildSettings = {
				ALWAYS_EMBED_SWIFT_STANDARD_LIBRARIES = YES;
				BUNDLE_LOADER = "$(TEST_HOST)";
				CODE_SIGN_STYLE = Automatic;
				CURRENT_PROJECT_VERSION = 1;
				GENERATE_INFOPLIST_FILE = YES;
				IPHONEOS_DEPLOYMENT_TARGET = 15.5;
				MARKETING_VERSION = 1.0;
				PRODUCT_BUNDLE_IDENTIFIER = com.freefooduniversity.FreeFoodUniversityTests;
				PRODUCT_NAME = "$(TARGET_NAME)";
				SWIFT_EMIT_LOC_STRINGS = NO;
				SWIFT_VERSION = 5.0;
				TARGETED_DEVICE_FAMILY = "1,2";
				TEST_HOST = "$(BUILT_PRODUCTS_DIR)/FreeFoodUniversity.app/FreeFoodUniversity";
			};
			name = Release;
		};
		D858D0CB284D605100F5D4A1 /* Debug */ = {
			isa = XCBuildConfiguration;
			baseConfigurationReference = 17201F9C1816886B63B1E3D4 /* Pods-FreeFoodUniversity-FreeFoodUniversityUITests.debug.xcconfig */;
			buildSettings = {
				ALWAYS_EMBED_SWIFT_STANDARD_LIBRARIES = YES;
				CODE_SIGN_STYLE = Automatic;
				CURRENT_PROJECT_VERSION = 1;
				GENERATE_INFOPLIST_FILE = YES;
				MARKETING_VERSION = 1.0;
				PRODUCT_BUNDLE_IDENTIFIER = com.freefooduniversity.FreeFoodUniversityUITests;
				PRODUCT_NAME = "$(TARGET_NAME)";
				SWIFT_EMIT_LOC_STRINGS = NO;
				SWIFT_VERSION = 5.0;
				TARGETED_DEVICE_FAMILY = "1,2";
				TEST_TARGET_NAME = FreeFoodUniversity;
			};
			name = Debug;
		};
		D858D0CC284D605100F5D4A1 /* Release */ = {
			isa = XCBuildConfiguration;
			baseConfigurationReference = EE091B53E51D0BFDC444FECD /* Pods-FreeFoodUniversity-FreeFoodUniversityUITests.release.xcconfig */;
			buildSettings = {
				ALWAYS_EMBED_SWIFT_STANDARD_LIBRARIES = YES;
				CODE_SIGN_STYLE = Automatic;
				CURRENT_PROJECT_VERSION = 1;
				GENERATE_INFOPLIST_FILE = YES;
				MARKETING_VERSION = 1.0;
				PRODUCT_BUNDLE_IDENTIFIER = com.freefooduniversity.FreeFoodUniversityUITests;
				PRODUCT_NAME = "$(TARGET_NAME)";
				SWIFT_EMIT_LOC_STRINGS = NO;
				SWIFT_VERSION = 5.0;
				TARGETED_DEVICE_FAMILY = "1,2";
				TEST_TARGET_NAME = FreeFoodUniversity;
			};
			name = Release;
		};
/* End XCBuildConfiguration section */

/* Begin XCConfigurationList section */
		D858D096284D605000F5D4A1 /* Build configuration list for PBXProject "FreeFoodUniversity" */ = {
			isa = XCConfigurationList;
			buildConfigurations = (
				D858D0C2284D605100F5D4A1 /* Debug */,
				D858D0C3284D605100F5D4A1 /* Release */,
			);
			defaultConfigurationIsVisible = 0;
			defaultConfigurationName = Release;
		};
		D858D0C4284D605100F5D4A1 /* Build configuration list for PBXNativeTarget "FreeFoodUniversity" */ = {
			isa = XCConfigurationList;
			buildConfigurations = (
				D858D0C5284D605100F5D4A1 /* Debug */,
				D858D0C6284D605100F5D4A1 /* Release */,
			);
			defaultConfigurationIsVisible = 0;
			defaultConfigurationName = Release;
		};
		D858D0C7284D605100F5D4A1 /* Build configuration list for PBXNativeTarget "FreeFoodUniversityTests" */ = {
			isa = XCConfigurationList;
			buildConfigurations = (
				D858D0C8284D605100F5D4A1 /* Debug */,
				D858D0C9284D605100F5D4A1 /* Release */,
			);
			defaultConfigurationIsVisible = 0;
			defaultConfigurationName = Release;
		};
		D858D0CA284D605100F5D4A1 /* Build configuration list for PBXNativeTarget "FreeFoodUniversityUITests" */ = {
			isa = XCConfigurationList;
			buildConfigurations = (
				D858D0CB284D605100F5D4A1 /* Debug */,
				D858D0CC284D605100F5D4A1 /* Release */,
			);
			defaultConfigurationIsVisible = 0;
			defaultConfigurationName = Release;
		};
/* End XCConfigurationList section */

/* Begin XCVersionGroup section */
		D858D0A9284D605100F5D4A1 /* FreeFoodUniversity.xcdatamodeld */ = {
			isa = XCVersionGroup;
			children = (
				D858D0AA284D605100F5D4A1 /* FreeFoodUniversity.xcdatamodel */,
			);
			currentVersion = D858D0AA284D605100F5D4A1 /* FreeFoodUniversity.xcdatamodel */;
			path = FreeFoodUniversity.xcdatamodeld;
			sourceTree = "<group>";
			versionGroupType = wrapper.xcdatamodel;
		};
/* End XCVersionGroup section */
	};
	rootObject = D858D093284D605000F5D4A1 /* Project object */;
}
