// !$*UTF8*$!
{
	archiveVersion = 1;
	classes = {
	};
	objectVersion = 55;
	objects = {

/* Begin PBXBuildFile section */
		D858D09F284D605000F5D4A1 /* FreeFoodUniversityApp.swift in Sources */ = {isa = PBXBuildFile; fileRef = D858D09E284D605000F5D4A1 /* FreeFoodUniversityApp.swift */; };
		D858D0A1284D605000F5D4A1 /* ContentView.swift in Sources */ = {isa = PBXBuildFile; fileRef = D858D0A0284D605000F5D4A1 /* ContentView.swift */; };
		D858D0A3284D605100F5D4A1 /* Assets.xcassets in Resources */ = {isa = PBXBuildFile; fileRef = D858D0A2284D605100F5D4A1 /* Assets.xcassets */; };
		D858D0A6284D605100F5D4A1 /* Preview Assets.xcassets in Resources */ = {isa = PBXBuildFile; fileRef = D858D0A5284D605100F5D4A1 /* Preview Assets.xcassets */; };
		D858D0A8284D605100F5D4A1 /* Persistence.swift in Sources */ = {isa = PBXBuildFile; fileRef = D858D0A7284D605100F5D4A1 /* Persistence.swift */; };
		D858D0AB284D605100F5D4A1 /* FreeFoodUniversity.xcdatamodeld in Sources */ = {isa = PBXBuildFile; fileRef = D858D0A9284D605100F5D4A1 /* FreeFoodUniversity.xcdatamodeld */; };
		D858D0B5284D605100F5D4A1 /* FreeFoodUniversityTests.swift in Sources */ = {isa = PBXBuildFile; fileRef = D858D0B4284D605100F5D4A1 /* FreeFoodUniversityTests.swift */; };
		D858D0BF284D605100F5D4A1 /* FreeFoodUniversityUITests.swift in Sources */ = {isa = PBXBuildFile; fileRef = D858D0BE284D605100F5D4A1 /* FreeFoodUniversityUITests.swift */; };
		D858D0C1284D605100F5D4A1 /* FreeFoodUniversityUITestsLaunchTests.swift in Sources */ = {isa = PBXBuildFile; fileRef = D858D0C0284D605100F5D4A1 /* FreeFoodUniversityUITestsLaunchTests.swift */; };
/* End PBXBuildFile section */

/* Begin PBXContainerItemProxy section */
		D858D0B1284D605100F5D4A1 /* PBXContainerItemProxy */ = {
			isa = PBXContainerItemProxy;
			containerPortal = D858D093284D605000F5D4A1 /* Project object */;
			proxyType = 1;
			remoteGlobalIDString = D858D09A284D605000F5D4A1;
			remoteInfo = FreeFoodUniversity;
		};
		D858D0BB284D605100F5D4A1 /* PBXContainerItemProxy */ = {
			isa = PBXContainerItemProxy;
			containerPortal = D858D093284D605000F5D4A1 /* Project object */;
			proxyType = 1;
			remoteGlobalIDString = D858D09A284D605000F5D4A1;
			remoteInfo = FreeFoodUniversity;
		};
/* End PBXContainerItemProxy section */

/* Begin PBXFileReference section */
		23E84D7FE6B8C82172BC3D26 /* Pods-FreeFoodUniversity-FreeFoodUniversityUITests.debug.xcconfig */ = {isa = PBXFileReference; includeInIndex = 1; lastKnownFileType = text.xcconfig; name = "Pods-FreeFoodUniversity-FreeFoodUniversityUITests.debug.xcconfig"; path = "Target Support Files/Pods-FreeFoodUniversity-FreeFoodUniversityUITests/Pods-FreeFoodUniversity-FreeFoodUniversityUITests.debug.xcconfig"; sourceTree = "<group>"; };
		4B6EAC7F57FD804701BB219A /* Pods-FreeFoodUniversityTests.debug.xcconfig */ = {isa = PBXFileReference; includeInIndex = 1; lastKnownFileType = text.xcconfig; name = "Pods-FreeFoodUniversityTests.debug.xcconfig"; path = "Target Support Files/Pods-FreeFoodUniversityTests/Pods-FreeFoodUniversityTests.debug.xcconfig"; sourceTree = "<group>"; };
		973B48B5E8B51107C325942C /* Pods-FreeFoodUniversityTests.release.xcconfig */ = {isa = PBXFileReference; includeInIndex = 1; lastKnownFileType = text.xcconfig; name = "Pods-FreeFoodUniversityTests.release.xcconfig"; path = "Target Support Files/Pods-FreeFoodUniversityTests/Pods-FreeFoodUniversityTests.release.xcconfig"; sourceTree = "<group>"; };
		A459DE6CAC1F2AB13476C19E /* Pods-FreeFoodUniversity.release.xcconfig */ = {isa = PBXFileReference; includeInIndex = 1; lastKnownFileType = text.xcconfig; name = "Pods-FreeFoodUniversity.release.xcconfig"; path = "Target Support Files/Pods-FreeFoodUniversity/Pods-FreeFoodUniversity.release.xcconfig"; sourceTree = "<group>"; };
		A786E488C75173F6C406D4BF /* Pods-FreeFoodUniversity-FreeFoodUniversityUITests.release.xcconfig */ = {isa = PBXFileReference; includeInIndex = 1; lastKnownFileType = text.xcconfig; name = "Pods-FreeFoodUniversity-FreeFoodUniversityUITests.release.xcconfig"; path = "Target Support Files/Pods-FreeFoodUniversity-FreeFoodUniversityUITests/Pods-FreeFoodUniversity-FreeFoodUniversityUITests.release.xcconfig"; sourceTree = "<group>"; };
		C171EA5C0291E10605F572C9 /* Pods-FreeFoodUniversity.debug.xcconfig */ = {isa = PBXFileReference; includeInIndex = 1; lastKnownFileType = text.xcconfig; name = "Pods-FreeFoodUniversity.debug.xcconfig"; path = "Target Support Files/Pods-FreeFoodUniversity/Pods-FreeFoodUniversity.debug.xcconfig"; sourceTree = "<group>"; };
		D858D09B284D605000F5D4A1 /* Free Food.app */ = {isa = PBXFileReference; explicitFileType = wrapper.application; includeInIndex = 0; path = "Free Food.app"; sourceTree = BUILT_PRODUCTS_DIR; };
		D858D09E284D605000F5D4A1 /* FreeFoodUniversityApp.swift */ = {isa = PBXFileReference; lastKnownFileType = sourcecode.swift; path = FreeFoodUniversityApp.swift; sourceTree = "<group>"; };
		D858D0A0284D605000F5D4A1 /* ContentView.swift */ = {isa = PBXFileReference; lastKnownFileType = sourcecode.swift; path = ContentView.swift; sourceTree = "<group>"; };
		D858D0A2284D605100F5D4A1 /* Assets.xcassets */ = {isa = PBXFileReference; lastKnownFileType = folder.assetcatalog; path = Assets.xcassets; sourceTree = "<group>"; };
		D858D0A5284D605100F5D4A1 /* Preview Assets.xcassets */ = {isa = PBXFileReference; lastKnownFileType = folder.assetcatalog; path = "Preview Assets.xcassets"; sourceTree = "<group>"; };
		D858D0A7284D605100F5D4A1 /* Persistence.swift */ = {isa = PBXFileReference; lastKnownFileType = sourcecode.swift; path = Persistence.swift; sourceTree = "<group>"; };
		D858D0AA284D605100F5D4A1 /* FreeFoodUniversity.xcdatamodel */ = {isa = PBXFileReference; lastKnownFileType = wrapper.xcdatamodel; path = FreeFoodUniversity.xcdatamodel; sourceTree = "<group>"; };
		D858D0B0284D605100F5D4A1 /* FreeFoodUniversityTests.xctest */ = {isa = PBXFileReference; explicitFileType = wrapper.cfbundle; includeInIndex = 0; path = FreeFoodUniversityTests.xctest; sourceTree = BUILT_PRODUCTS_DIR; };
		D858D0B4284D605100F5D4A1 /* FreeFoodUniversityTests.swift */ = {isa = PBXFileReference; lastKnownFileType = sourcecode.swift; path = FreeFoodUniversityTests.swift; sourceTree = "<group>"; };
		D858D0BA284D605100F5D4A1 /* FreeFoodUniversityUITests.xctest */ = {isa = PBXFileReference; explicitFileType = wrapper.cfbundle; includeInIndex = 0; path = FreeFoodUniversityUITests.xctest; sourceTree = BUILT_PRODUCTS_DIR; };
		D858D0BE284D605100F5D4A1 /* FreeFoodUniversityUITests.swift */ = {isa = PBXFileReference; lastKnownFileType = sourcecode.swift; path = FreeFoodUniversityUITests.swift; sourceTree = "<group>"; };
		D858D0C0284D605100F5D4A1 /* FreeFoodUniversityUITestsLaunchTests.swift */ = {isa = PBXFileReference; lastKnownFileType = sourcecode.swift; path = FreeFoodUniversityUITestsLaunchTests.swift; sourceTree = "<group>"; };
/* End PBXFileReference section */

/* Begin PBXFrameworksBuildPhase section */
		D858D098284D605000F5D4A1 /* Frameworks */ = {
			isa = PBXFrameworksBuildPhase;
			buildActionMask = 2147483647;
			files = (
			);
			runOnlyForDeploymentPostprocessing = 0;
		};
		D858D0AD284D605100F5D4A1 /* Frameworks */ = {
			isa = PBXFrameworksBuildPhase;
			buildActionMask = 2147483647;
			files = (
			);
			runOnlyForDeploymentPostprocessing = 0;
		};
		D858D0B7284D605100F5D4A1 /* Frameworks */ = {
			isa = PBXFrameworksBuildPhase;
			buildActionMask = 2147483647;
			files = (
			);
			runOnlyForDeploymentPostprocessing = 0;
		};
/* End PBXFrameworksBuildPhase section */

/* Begin PBXGroup section */
		C9B68711E0C31647F2C62370 /* Pods */ = {
			isa = PBXGroup;
			children = (
				C171EA5C0291E10605F572C9 /* Pods-FreeFoodUniversity.debug.xcconfig */,
				A459DE6CAC1F2AB13476C19E /* Pods-FreeFoodUniversity.release.xcconfig */,
				23E84D7FE6B8C82172BC3D26 /* Pods-FreeFoodUniversity-FreeFoodUniversityUITests.debug.xcconfig */,
				A786E488C75173F6C406D4BF /* Pods-FreeFoodUniversity-FreeFoodUniversityUITests.release.xcconfig */,
				4B6EAC7F57FD804701BB219A /* Pods-FreeFoodUniversityTests.debug.xcconfig */,
				973B48B5E8B51107C325942C /* Pods-FreeFoodUniversityTests.release.xcconfig */,
			);
			path = Pods;
			sourceTree = "<group>";
		};
		D858D092284D605000F5D4A1 = {
			isa = PBXGroup;
			children = (
				D858D09D284D605000F5D4A1 /* FreeFoodUniversity */,
				D858D0B3284D605100F5D4A1 /* FreeFoodUniversityTests */,
				D858D0BD284D605100F5D4A1 /* FreeFoodUniversityUITests */,
				D858D09C284D605000F5D4A1 /* Products */,
				C9B68711E0C31647F2C62370 /* Pods */,
			);
			sourceTree = "<group>";
		};
		D858D09C284D605000F5D4A1 /* Products */ = {
			isa = PBXGroup;
			children = (
				D858D09B284D605000F5D4A1 /* Free Food.app */,
				D858D0B0284D605100F5D4A1 /* FreeFoodUniversityTests.xctest */,
				D858D0BA284D605100F5D4A1 /* FreeFoodUniversityUITests.xctest */,
			);
			name = Products;
			sourceTree = "<group>";
		};
		D858D09D284D605000F5D4A1 /* FreeFoodUniversity */ = {
			isa = PBXGroup;
			children = (
				D858D09E284D605000F5D4A1 /* FreeFoodUniversityApp.swift */,
				D858D0A0284D605000F5D4A1 /* ContentView.swift */,
				D858D0A2284D605100F5D4A1 /* Assets.xcassets */,
				D858D0A7284D605100F5D4A1 /* Persistence.swift */,
				D858D0A9284D605100F5D4A1 /* FreeFoodUniversity.xcdatamodeld */,
				D858D0A4284D605100F5D4A1 /* Preview Content */,
			);
			path = FreeFoodUniversity;
			sourceTree = "<group>";
		};
		D858D0A4284D605100F5D4A1 /* Preview Content */ = {
			isa = PBXGroup;
			children = (
				D858D0A5284D605100F5D4A1 /* Preview Assets.xcassets */,
			);
			path = "Preview Content";
			sourceTree = "<group>";
		};
		D858D0B3284D605100F5D4A1 /* FreeFoodUniversityTests */ = {
			isa = PBXGroup;
			children = (
				D858D0B4284D605100F5D4A1 /* FreeFoodUniversityTests.swift */,
			);
			path = FreeFoodUniversityTests;
			sourceTree = "<group>";
		};
		D858D0BD284D605100F5D4A1 /* FreeFoodUniversityUITests */ = {
			isa = PBXGroup;
			children = (
				D858D0BE284D605100F5D4A1 /* FreeFoodUniversityUITests.swift */,
				D858D0C0284D605100F5D4A1 /* FreeFoodUniversityUITestsLaunchTests.swift */,
			);
			path = FreeFoodUniversityUITests;
			sourceTree = "<group>";
		};
/* End PBXGroup section */

/* Begin PBXNativeTarget section */
		D858D09A284D605000F5D4A1 /* FreeFoodUniversity */ = {
			isa = PBXNativeTarget;
			buildConfigurationList = D858D0C4284D605100F5D4A1 /* Build configuration list for PBXNativeTarget "FreeFoodUniversity" */;
			buildPhases = (
				323B7DF7154921CE75E264CF /* [CP] Check Pods Manifest.lock */,
				D858D097284D605000F5D4A1 /* Sources */,
				D858D098284D605000F5D4A1 /* Frameworks */,
				D858D099284D605000F5D4A1 /* Resources */,
				98D92CF62C576EE1735CCEA6 /* [CP] Copy Pods Resources */,
			);
			buildRules = (
			);
			dependencies = (
			);
			name = FreeFoodUniversity;
			productName = FreeFoodUniversity;
			productReference = D858D09B284D605000F5D4A1 /* Free Food.app */;
			productType = "com.apple.product-type.application";
		};
		D858D0AF284D605100F5D4A1 /* FreeFoodUniversityTests */ = {
			isa = PBXNativeTarget;
			buildConfigurationList = D858D0C7284D605100F5D4A1 /* Build configuration list for PBXNativeTarget "FreeFoodUniversityTests" */;
			buildPhases = (
				9908CF5C4D6E0D5125AC8912 /* [CP] Check Pods Manifest.lock */,
				D858D0AC284D605100F5D4A1 /* Sources */,
				D858D0AD284D605100F5D4A1 /* Frameworks */,
				D858D0AE284D605100F5D4A1 /* Resources */,
			);
			buildRules = (
			);
			dependencies = (
				D858D0B2284D605100F5D4A1 /* PBXTargetDependency */,
			);
			name = FreeFoodUniversityTests;
			productName = FreeFoodUniversityTests;
			productReference = D858D0B0284D605100F5D4A1 /* FreeFoodUniversityTests.xctest */;
			productType = "com.apple.product-type.bundle.unit-test";
		};
		D858D0B9284D605100F5D4A1 /* FreeFoodUniversityUITests */ = {
			isa = PBXNativeTarget;
			buildConfigurationList = D858D0CA284D605100F5D4A1 /* Build configuration list for PBXNativeTarget "FreeFoodUniversityUITests" */;
			buildPhases = (
				26118AF12392C16A7D0C53E1 /* [CP] Check Pods Manifest.lock */,
				D858D0B6284D605100F5D4A1 /* Sources */,
				D858D0B7284D605100F5D4A1 /* Frameworks */,
				D858D0B8284D605100F5D4A1 /* Resources */,
				5D9208A154EC23FA15C7D81E /* [CP] Copy Pods Resources */,
			);
			buildRules = (
			);
			dependencies = (
				D858D0BC284D605100F5D4A1 /* PBXTargetDependency */,
			);
			name = FreeFoodUniversityUITests;
			productName = FreeFoodUniversityUITests;
			productReference = D858D0BA284D605100F5D4A1 /* FreeFoodUniversityUITests.xctest */;
			productType = "com.apple.product-type.bundle.ui-testing";
		};
/* End PBXNativeTarget section */

/* Begin PBXProject section */
		D858D093284D605000F5D4A1 /* Project object */ = {
			isa = PBXProject;
			attributes = {
				BuildIndependentTargetsInParallel = 1;
				LastSwiftUpdateCheck = 1340;
				LastUpgradeCheck = 1340;
				TargetAttributes = {
					D858D09A284D605000F5D4A1 = {
						CreatedOnToolsVersion = 13.4.1;
					};
					D858D0AF284D605100F5D4A1 = {
						CreatedOnToolsVersion = 13.4.1;
						TestTargetID = D858D09A284D605000F5D4A1;
					};
					D858D0B9284D605100F5D4A1 = {
						CreatedOnToolsVersion = 13.4.1;
						TestTargetID = D858D09A284D605000F5D4A1;
					};
				};
			};
			buildConfigurationList = D858D096284D605000F5D4A1 /* Build configuration list for PBXProject "FreeFoodUniversity" */;
			compatibilityVersion = "Xcode 13.0";
			developmentRegion = en;
			hasScannedForEncodings = 0;
			knownRegions = (
				en,
				Base,
			);
			mainGroup = D858D092284D605000F5D4A1;
			productRefGroup = D858D09C284D605000F5D4A1 /* Products */;
			projectDirPath = "";
			projectRoot = "";
			targets = (
				D858D09A284D605000F5D4A1 /* FreeFoodUniversity */,
				D858D0AF284D605100F5D4A1 /* FreeFoodUniversityTests */,
				D858D0B9284D605100F5D4A1 /* FreeFoodUniversityUITests */,
			);
		};
/* End PBXProject section */

/* Begin PBXResourcesBuildPhase section */
		D858D099284D605000F5D4A1 /* Resources */ = {
			isa = PBXResourcesBuildPhase;
			buildActionMask = 2147483647;
			files = (
				D858D0A6284D605100F5D4A1 /* Preview Assets.xcassets in Resources */,
				D858D0A3284D605100F5D4A1 /* Assets.xcassets in Resources */,
			);
			runOnlyForDeploymentPostprocessing = 0;
		};
		D858D0AE284D605100F5D4A1 /* Resources */ = {
			isa = PBXResourcesBuildPhase;
			buildActionMask = 2147483647;
			files = (
			);
			runOnlyForDeploymentPostprocessing = 0;
		};
		D858D0B8284D605100F5D4A1 /* Resources */ = {
			isa = PBXResourcesBuildPhase;
			buildActionMask = 2147483647;
			files = (
			);
			runOnlyForDeploymentPostprocessing = 0;
		};
/* End PBXResourcesBuildPhase section */

/* Begin PBXShellScriptBuildPhase section */
		26118AF12392C16A7D0C53E1 /* [CP] Check Pods Manifest.lock */ = {
			isa = PBXShellScriptBuildPhase;
			buildActionMask = 2147483647;
			files = (
			);
			inputFileListPaths = (
			);
			inputPaths = (
				"${PODS_PODFILE_DIR_PATH}/Podfile.lock",
				"${PODS_ROOT}/Manifest.lock",
			);
			name = "[CP] Check Pods Manifest.lock";
			outputFileListPaths = (
			);
			outputPaths = (
				"$(DERIVED_FILE_DIR)/Pods-FreeFoodUniversity-FreeFoodUniversityUITests-checkManifestLockResult.txt",
			);
			runOnlyForDeploymentPostprocessing = 0;
			shellPath = /bin/sh;
			shellScript = "diff \"${PODS_PODFILE_DIR_PATH}/Podfile.lock\" \"${PODS_ROOT}/Manifest.lock\" > /dev/null\nif [ $? != 0 ] ; then\n    # print error to STDERR\n    echo \"error: The sandbox is not in sync with the Podfile.lock. Run 'pod install' or update your CocoaPods installation.\" >&2\n    exit 1\nfi\n# This output is used by Xcode 'outputs' to avoid re-running this script phase.\necho \"SUCCESS\" > \"${SCRIPT_OUTPUT_FILE_0}\"\n";
			showEnvVarsInLog = 0;
		};
		323B7DF7154921CE75E264CF /* [CP] Check Pods Manifest.lock */ = {
			isa = PBXShellScriptBuildPhase;
			buildActionMask = 2147483647;
			files = (
			);
			inputFileListPaths = (
			);
			inputPaths = (
				"${PODS_PODFILE_DIR_PATH}/Podfile.lock",
				"${PODS_ROOT}/Manifest.lock",
			);
			name = "[CP] Check Pods Manifest.lock";
			outputFileListPaths = (
			);
			outputPaths = (
				"$(DERIVED_FILE_DIR)/Pods-FreeFoodUniversity-checkManifestLockResult.txt",
			);
			runOnlyForDeploymentPostprocessing = 0;
			shellPath = /bin/sh;
			shellScript = "diff \"${PODS_PODFILE_DIR_PATH}/Podfile.lock\" \"${PODS_ROOT}/Manifest.lock\" > /dev/null\nif [ $? != 0 ] ; then\n    # print error to STDERR\n    echo \"error: The sandbox is not in sync with the Podfile.lock. Run 'pod install' or update your CocoaPods installation.\" >&2\n    exit 1\nfi\n# This output is used by Xcode 'outputs' to avoid re-running this script phase.\necho \"SUCCESS\" > \"${SCRIPT_OUTPUT_FILE_0}\"\n";
			showEnvVarsInLog = 0;
		};
		5D9208A154EC23FA15C7D81E /* [CP] Copy Pods Resources */ = {
			isa = PBXShellScriptBuildPhase;
			buildActionMask = 2147483647;
			files = (
			);
			inputFileListPaths = (
				"${PODS_ROOT}/Target Support Files/Pods-FreeFoodUniversity-FreeFoodUniversityUITests/Pods-FreeFoodUniversity-FreeFoodUniversityUITests-resources-${CONFIGURATION}-input-files.xcfilelist",
			);
			name = "[CP] Copy Pods Resources";
			outputFileListPaths = (
				"${PODS_ROOT}/Target Support Files/Pods-FreeFoodUniversity-FreeFoodUniversityUITests/Pods-FreeFoodUniversity-FreeFoodUniversityUITests-resources-${CONFIGURATION}-output-files.xcfilelist",
			);
			runOnlyForDeploymentPostprocessing = 0;
			shellPath = /bin/sh;
			shellScript = "\"${PODS_ROOT}/Target Support Files/Pods-FreeFoodUniversity-FreeFoodUniversityUITests/Pods-FreeFoodUniversity-FreeFoodUniversityUITests-resources.sh\"\n";
			showEnvVarsInLog = 0;
		};
		98D92CF62C576EE1735CCEA6 /* [CP] Copy Pods Resources */ = {
			isa = PBXShellScriptBuildPhase;
			buildActionMask = 2147483647;
			files = (
			);
			inputFileListPaths = (
				"${PODS_ROOT}/Target Support Files/Pods-FreeFoodUniversity/Pods-FreeFoodUniversity-resources-${CONFIGURATION}-input-files.xcfilelist",
			);
			name = "[CP] Copy Pods Resources";
			outputFileListPaths = (
				"${PODS_ROOT}/Target Support Files/Pods-FreeFoodUniversity/Pods-FreeFoodUniversity-resources-${CONFIGURATION}-output-files.xcfilelist",
			);
			runOnlyForDeploymentPostprocessing = 0;
			shellPath = /bin/sh;
			shellScript = "\"${PODS_ROOT}/Target Support Files/Pods-FreeFoodUniversity/Pods-FreeFoodUniversity-resources.sh\"\n";
			showEnvVarsInLog = 0;
		};
		9908CF5C4D6E0D5125AC8912 /* [CP] Check Pods Manifest.lock */ = {
			isa = PBXShellScriptBuildPhase;
			buildActionMask = 2147483647;
			files = (
			);
			inputFileListPaths = (
			);
			inputPaths = (
				"${PODS_PODFILE_DIR_PATH}/Podfile.lock",
				"${PODS_ROOT}/Manifest.lock",
			);
			name = "[CP] Check Pods Manifest.lock";
			outputFileListPaths = (
			);
			outputPaths = (
				"$(DERIVED_FILE_DIR)/Pods-FreeFoodUniversityTests-checkManifestLockResult.txt",
			);
			runOnlyForDeploymentPostprocessing = 0;
			shellPath = /bin/sh;
			shellScript = "diff \"${PODS_PODFILE_DIR_PATH}/Podfile.lock\" \"${PODS_ROOT}/Manifest.lock\" > /dev/null\nif [ $? != 0 ] ; then\n    # print error to STDERR\n    echo \"error: The sandbox is not in sync with the Podfile.lock. Run 'pod install' or update your CocoaPods installation.\" >&2\n    exit 1\nfi\n# This output is used by Xcode 'outputs' to avoid re-running this script phase.\necho \"SUCCESS\" > \"${SCRIPT_OUTPUT_FILE_0}\"\n";
			showEnvVarsInLog = 0;
		};
/* End PBXShellScriptBuildPhase section */

/* Begin PBXSourcesBuildPhase section */
		D858D097284D605000F5D4A1 /* Sources */ = {
			isa = PBXSourcesBuildPhase;
			buildActionMask = 2147483647;
			files = (
				D858D0A8284D605100F5D4A1 /* Persistence.swift in Sources */,
				D858D0A1284D605000F5D4A1 /* ContentView.swift in Sources */,
				D858D09F284D605000F5D4A1 /* FreeFoodUniversityApp.swift in Sources */,
				D858D0AB284D605100F5D4A1 /* FreeFoodUniversity.xcdatamodeld in Sources */,
			);
			runOnlyForDeploymentPostprocessing = 0;
		};
		D858D0AC284D605100F5D4A1 /* Sources */ = {
			isa = PBXSourcesBuildPhase;
			buildActionMask = 2147483647;
			files = (
				D858D0B5284D605100F5D4A1 /* FreeFoodUniversityTests.swift in Sources */,
			);
			runOnlyForDeploymentPostprocessing = 0;
		};
		D858D0B6284D605100F5D4A1 /* Sources */ = {
			isa = PBXSourcesBuildPhase;
			buildActionMask = 2147483647;
			files = (
				D858D0C1284D605100F5D4A1 /* FreeFoodUniversityUITestsLaunchTests.swift in Sources */,
				D858D0BF284D605100F5D4A1 /* FreeFoodUniversityUITests.swift in Sources */,
			);
			runOnlyForDeploymentPostprocessing = 0;
		};
/* End PBXSourcesBuildPhase section */

/* Begin PBXTargetDependency section */
		D858D0B2284D605100F5D4A1 /* PBXTargetDependency */ = {
			isa = PBXTargetDependency;
			target = D858D09A284D605000F5D4A1 /* FreeFoodUniversity */;
			targetProxy = D858D0B1284D605100F5D4A1 /* PBXContainerItemProxy */;
		};
		D858D0BC284D605100F5D4A1 /* PBXTargetDependency */ = {
			isa = PBXTargetDependency;
			target = D858D09A284D605000F5D4A1 /* FreeFoodUniversity */;
			targetProxy = D858D0BB284D605100F5D4A1 /* PBXContainerItemProxy */;
		};
/* End PBXTargetDependency section */

/* Begin XCBuildConfiguration section */
		D858D0C2284D605100F5D4A1 /* Debug */ = {
			isa = XCBuildConfiguration;
			buildSettings = {
				ALWAYS_SEARCH_USER_PATHS = NO;
				CLANG_ANALYZER_NONNULL = YES;
				CLANG_ANALYZER_NUMBER_OBJECT_CONVERSION = YES_AGGRESSIVE;
				CLANG_CXX_LANGUAGE_STANDARD = "gnu++17";
				CLANG_ENABLE_MODULES = YES;
				CLANG_ENABLE_OBJC_ARC = YES;
				CLANG_ENABLE_OBJC_WEAK = YES;
				CLANG_WARN_BLOCK_CAPTURE_AUTORELEASING = YES;
				CLANG_WARN_BOOL_CONVERSION = YES;
				CLANG_WARN_COMMA = YES;
				CLANG_WARN_CONSTANT_CONVERSION = YES;
				CLANG_WARN_DEPRECATED_OBJC_IMPLEMENTATIONS = YES;
				CLANG_WARN_DIRECT_OBJC_ISA_USAGE = YES_ERROR;
				CLANG_WARN_DOCUMENTATION_COMMENTS = YES;
				CLANG_WARN_EMPTY_BODY = YES;
				CLANG_WARN_ENUM_CONVERSION = YES;
				CLANG_WARN_INFINITE_RECURSION = YES;
				CLANG_WARN_INT_CONVERSION = YES;
				CLANG_WARN_NON_LITERAL_NULL_CONVERSION = YES;
				CLANG_WARN_OBJC_IMPLICIT_RETAIN_SELF = YES;
				CLANG_WARN_OBJC_LITERAL_CONVERSION = YES;
				CLANG_WARN_OBJC_ROOT_CLASS = YES_ERROR;
				CLANG_WARN_QUOTED_INCLUDE_IN_FRAMEWORK_HEADER = YES;
				CLANG_WARN_RANGE_LOOP_ANALYSIS = YES;
				CLANG_WARN_STRICT_PROTOTYPES = YES;
				CLANG_WARN_SUSPICIOUS_MOVE = YES;
				CLANG_WARN_UNGUARDED_AVAILABILITY = YES_AGGRESSIVE;
				CLANG_WARN_UNREACHABLE_CODE = YES;
				CLANG_WARN__DUPLICATE_METHOD_MATCH = YES;
				COPY_PHASE_STRIP = NO;
				DEBUG_INFORMATION_FORMAT = dwarf;
				ENABLE_STRICT_OBJC_MSGSEND = YES;
				ENABLE_TESTABILITY = YES;
				GCC_C_LANGUAGE_STANDARD = gnu11;
				GCC_DYNAMIC_NO_PIC = NO;
				GCC_NO_COMMON_BLOCKS = YES;
				GCC_OPTIMIZATION_LEVEL = 0;
				GCC_PREPROCESSOR_DEFINITIONS = (
					"DEBUG=1",
					"$(inherited)",
				);
				GCC_WARN_64_TO_32_BIT_CONVERSION = YES;
				GCC_WARN_ABOUT_RETURN_TYPE = YES_ERROR;
				GCC_WARN_UNDECLARED_SELECTOR = YES;
				GCC_WARN_UNINITIALIZED_AUTOS = YES_AGGRESSIVE;
				GCC_WARN_UNUSED_FUNCTION = YES;
				GCC_WARN_UNUSED_VARIABLE = YES;
				IPHONEOS_DEPLOYMENT_TARGET = 15.5;
				MTL_ENABLE_DEBUG_INFO = INCLUDE_SOURCE;
				MTL_FAST_MATH = YES;
				ONLY_ACTIVE_ARCH = YES;
				SDKROOT = iphoneos;
				SWIFT_ACTIVE_COMPILATION_CONDITIONS = DEBUG;
				SWIFT_OPTIMIZATION_LEVEL = "-Onone";
			};
			name = Debug;
		};
		D858D0C3284D605100F5D4A1 /* Release */ = {
			isa = XCBuildConfiguration;
			buildSettings = {
				ALWAYS_SEARCH_USER_PATHS = NO;
				CLANG_ANALYZER_NONNULL = YES;
				CLANG_ANALYZER_NUMBER_OBJECT_CONVERSION = YES_AGGRESSIVE;
				CLANG_CXX_LANGUAGE_STANDARD = "gnu++17";
				CLANG_ENABLE_MODULES = YES;
				CLANG_ENABLE_OBJC_ARC = YES;
				CLANG_ENABLE_OBJC_WEAK = YES;
				CLANG_WARN_BLOCK_CAPTURE_AUTORELEASING = YES;
				CLANG_WARN_BOOL_CONVERSION = YES;
				CLANG_WARN_COMMA = YES;
				CLANG_WARN_CONSTANT_CONVERSION = YES;
				CLANG_WARN_DEPRECATED_OBJC_IMPLEMENTATIONS = YES;
				CLANG_WARN_DIRECT_OBJC_ISA_USAGE = YES_ERROR;
				CLANG_WARN_DOCUMENTATION_COMMENTS = YES;
				CLANG_WARN_EMPTY_BODY = YES;
				CLANG_WARN_ENUM_CONVERSION = YES;
				CLANG_WARN_INFINITE_RECURSION = YES;
				CLANG_WARN_INT_CONVERSION = YES;
				CLANG_WARN_NON_LITERAL_NULL_CONVERSION = YES;
				CLANG_WARN_OBJC_IMPLICIT_RETAIN_SELF = YES;
				CLANG_WARN_OBJC_LITERAL_CONVERSION = YES;
				CLANG_WARN_OBJC_ROOT_CLASS = YES_ERROR;
				CLANG_WARN_QUOTED_INCLUDE_IN_FRAMEWORK_HEADER = YES;
				CLANG_WARN_RANGE_LOOP_ANALYSIS = YES;
				CLANG_WARN_STRICT_PROTOTYPES = YES;
				CLANG_WARN_SUSPICIOUS_MOVE = YES;
				CLANG_WARN_UNGUARDED_AVAILABILITY = YES_AGGRESSIVE;
				CLANG_WARN_UNREACHABLE_CODE = YES;
				CLANG_WARN__DUPLICATE_METHOD_MATCH = YES;
				COPY_PHASE_STRIP = NO;
				DEBUG_INFORMATION_FORMAT = "dwarf-with-dsym";
				ENABLE_NS_ASSERTIONS = NO;
				ENABLE_STRICT_OBJC_MSGSEND = YES;
				GCC_C_LANGUAGE_STANDARD = gnu11;
				GCC_NO_COMMON_BLOCKS = YES;
				GCC_WARN_64_TO_32_BIT_CONVERSION = YES;
				GCC_WARN_ABOUT_RETURN_TYPE = YES_ERROR;
				GCC_WARN_UNDECLARED_SELECTOR = YES;
				GCC_WARN_UNINITIALIZED_AUTOS = YES_AGGRESSIVE;
				GCC_WARN_UNUSED_FUNCTION = YES;
				GCC_WARN_UNUSED_VARIABLE = YES;
				IPHONEOS_DEPLOYMENT_TARGET = 15.5;
				MTL_ENABLE_DEBUG_INFO = NO;
				MTL_FAST_MATH = YES;
				SDKROOT = iphoneos;
				SWIFT_COMPILATION_MODE = wholemodule;
				SWIFT_OPTIMIZATION_LEVEL = "-O";
				VALIDATE_PRODUCT = YES;
			};
			name = Release;
		};
		D858D0C5284D605100F5D4A1 /* Debug */ = {
			isa = XCBuildConfiguration;
			baseConfigurationReference = C171EA5C0291E10605F572C9 /* Pods-FreeFoodUniversity.debug.xcconfig */;
			buildSettings = {
				ASSETCATALOG_COMPILER_APPICON_NAME = AppIcon;
				ASSETCATALOG_COMPILER_GLOBAL_ACCENT_COLOR_NAME = AccentColor;
				CODE_SIGN_STYLE = Automatic;
				CURRENT_PROJECT_VERSION = 1;
				DEVELOPMENT_ASSET_PATHS = "\"FreeFoodUniversity/Preview Content\"";
				DEVELOPMENT_TEAM = A392TF3NL6;
				ENABLE_PREVIEWS = YES;
				GENERATE_INFOPLIST_FILE = YES;
				INFOPLIST_KEY_UIApplicationSceneManifest_Generation = YES;
				INFOPLIST_KEY_UIApplicationSupportsIndirectInputEvents = YES;
				INFOPLIST_KEY_UILaunchScreen_Generation = YES;
				INFOPLIST_KEY_UISupportedInterfaceOrientations_iPad = "UIInterfaceOrientationPortrait UIInterfaceOrientationPortraitUpsideDown UIInterfaceOrientationLandscapeLeft UIInterfaceOrientationLandscapeRight";
				INFOPLIST_KEY_UISupportedInterfaceOrientations_iPhone = "UIInterfaceOrientationPortrait UIInterfaceOrientationLandscapeLeft UIInterfaceOrientationLandscapeRight";
				LD_RUNPATH_SEARCH_PATHS = (
					"$(inherited)",
					"@executable_path/Frameworks",
				);
				MARKETING_VERSION = 1.0;
				PRODUCT_BUNDLE_IDENTIFIER = com.freefooduniversity.FreeFoodUniversity;
				PRODUCT_NAME = "Free Food";
				SWIFT_EMIT_LOC_STRINGS = YES;
				SWIFT_VERSION = 5.0;
				TARGETED_DEVICE_FAMILY = "1,2";
			};
			name = Debug;
		};
		D858D0C6284D605100F5D4A1 /* Release */ = {
			isa = XCBuildConfiguration;
			baseConfigurationReference = A459DE6CAC1F2AB13476C19E /* Pods-FreeFoodUniversity.release.xcconfig */;
			buildSettings = {
				ASSETCATALOG_COMPILER_APPICON_NAME = AppIcon;
				ASSETCATALOG_COMPILER_GLOBAL_ACCENT_COLOR_NAME = AccentColor;
				CODE_SIGN_STYLE = Automatic;
				CURRENT_PROJECT_VERSION = 1;
				DEVELOPMENT_ASSET_PATHS = "\"FreeFoodUniversity/Preview Content\"";
				DEVELOPMENT_TEAM = A392TF3NL6;
				ENABLE_PREVIEWS = YES;
				GENERATE_INFOPLIST_FILE = YES;
				INFOPLIST_KEY_UIApplicationSceneManifest_Generation = YES;
				INFOPLIST_KEY_UIApplicationSupportsIndirectInputEvents = YES;
				INFOPLIST_KEY_UILaunchScreen_Generation = YES;
				INFOPLIST_KEY_UISupportedInterfaceOrientations_iPad = "UIInterfaceOrientationPortrait UIInterfaceOrientationPortraitUpsideDown UIInterfaceOrientationLandscapeLeft UIInterfaceOrientationLandscapeRight";
				INFOPLIST_KEY_UISupportedInterfaceOrientations_iPhone = "UIInterfaceOrientationPortrait UIInterfaceOrientationLandscapeLeft UIInterfaceOrientationLandscapeRight";
				LD_RUNPATH_SEARCH_PATHS = (
					"$(inherited)",
					"@executable_path/Frameworks",
				);
				MARKETING_VERSION = 1.0;
				PRODUCT_BUNDLE_IDENTIFIER = com.freefooduniversity.FreeFoodUniversity;
				PRODUCT_NAME = "Free Food";
				SWIFT_EMIT_LOC_STRINGS = YES;
				SWIFT_VERSION = 5.0;
				TARGETED_DEVICE_FAMILY = "1,2";
			};
			name = Release;
		};
		D858D0C8284D605100F5D4A1 /* Debug */ = {
			isa = XCBuildConfiguration;
			baseConfigurationReference = 4B6EAC7F57FD804701BB219A /* Pods-FreeFoodUniversityTests.debug.xcconfig */;
			buildSettings = {
				ALWAYS_EMBED_SWIFT_STANDARD_LIBRARIES = YES;
				BUNDLE_LOADER = "$(TEST_HOST)";
				CODE_SIGN_STYLE = Automatic;
				CURRENT_PROJECT_VERSION = 1;
				GENERATE_INFOPLIST_FILE = YES;
				IPHONEOS_DEPLOYMENT_TARGET = 15.5;
				MARKETING_VERSION = 1.0;
				PRODUCT_BUNDLE_IDENTIFIER = com.freefooduniversity.FreeFoodUniversityTests;
				PRODUCT_NAME = "$(TARGET_NAME)";
				SWIFT_EMIT_LOC_STRINGS = NO;
				SWIFT_VERSION = 5.0;
				TARGETED_DEVICE_FAMILY = "1,2";
				TEST_HOST = "$(BUILT_PRODUCTS_DIR)/FreeFoodUniversity.app/FreeFoodUniversity";
			};
			name = Debug;
		};
		D858D0C9284D605100F5D4A1 /* Release */ = {
			isa = XCBuildConfiguration;
			baseConfigurationReference = 973B48B5E8B51107C325942C /* Pods-FreeFoodUniversityTests.release.xcconfig */;
			buildSettings = {
				ALWAYS_EMBED_SWIFT_STANDARD_LIBRARIES = YES;
				BUNDLE_LOADER = "$(TEST_HOST)";
				CODE_SIGN_STYLE = Automatic;
				CURRENT_PROJECT_VERSION = 1;
				GENERATE_INFOPLIST_FILE = YES;
				IPHONEOS_DEPLOYMENT_TARGET = 15.5;
				MARKETING_VERSION = 1.0;
				PRODUCT_BUNDLE_IDENTIFIER = com.freefooduniversity.FreeFoodUniversityTests;
				PRODUCT_NAME = "$(TARGET_NAME)";
				SWIFT_EMIT_LOC_STRINGS = NO;
				SWIFT_VERSION = 5.0;
				TARGETED_DEVICE_FAMILY = "1,2";
				TEST_HOST = "$(BUILT_PRODUCTS_DIR)/FreeFoodUniversity.app/FreeFoodUniversity";
			};
			name = Release;
		};
		D858D0CB284D605100F5D4A1 /* Debug */ = {
			isa = XCBuildConfiguration;
			baseConfigurationReference = 23E84D7FE6B8C82172BC3D26 /* Pods-FreeFoodUniversity-FreeFoodUniversityUITests.debug.xcconfig */;
			buildSettings = {
				ALWAYS_EMBED_SWIFT_STANDARD_LIBRARIES = YES;
				CODE_SIGN_STYLE = Automatic;
				CURRENT_PROJECT_VERSION = 1;
				GENERATE_INFOPLIST_FILE = YES;
				MARKETING_VERSION = 1.0;
				PRODUCT_BUNDLE_IDENTIFIER = com.freefooduniversity.FreeFoodUniversityUITests;
				PRODUCT_NAME = "$(TARGET_NAME)";
				SWIFT_EMIT_LOC_STRINGS = NO;
				SWIFT_VERSION = 5.0;
				TARGETED_DEVICE_FAMILY = "1,2";
				TEST_TARGET_NAME = FreeFoodUniversity;
			};
			name = Debug;
		};
		D858D0CC284D605100F5D4A1 /* Release */ = {
			isa = XCBuildConfiguration;
			baseConfigurationReference = A786E488C75173F6C406D4BF /* Pods-FreeFoodUniversity-FreeFoodUniversityUITests.release.xcconfig */;
			buildSettings = {
				ALWAYS_EMBED_SWIFT_STANDARD_LIBRARIES = YES;
				CODE_SIGN_STYLE = Automatic;
				CURRENT_PROJECT_VERSION = 1;
				GENERATE_INFOPLIST_FILE = YES;
				MARKETING_VERSION = 1.0;
				PRODUCT_BUNDLE_IDENTIFIER = com.freefooduniversity.FreeFoodUniversityUITests;
				PRODUCT_NAME = "$(TARGET_NAME)";
				SWIFT_EMIT_LOC_STRINGS = NO;
				SWIFT_VERSION = 5.0;
				TARGETED_DEVICE_FAMILY = "1,2";
				TEST_TARGET_NAME = FreeFoodUniversity;
			};
			name = Release;
		};
/* End XCBuildConfiguration section */

/* Begin XCConfigurationList section */
		D858D096284D605000F5D4A1 /* Build configuration list for PBXProject "FreeFoodUniversity" */ = {
			isa = XCConfigurationList;
			buildConfigurations = (
				D858D0C2284D605100F5D4A1 /* Debug */,
				D858D0C3284D605100F5D4A1 /* Release */,
			);
			defaultConfigurationIsVisible = 0;
			defaultConfigurationName = Release;
		};
		D858D0C4284D605100F5D4A1 /* Build configuration list for PBXNativeTarget "FreeFoodUniversity" */ = {
			isa = XCConfigurationList;
			buildConfigurations = (
				D858D0C5284D605100F5D4A1 /* Debug */,
				D858D0C6284D605100F5D4A1 /* Release */,
			);
			defaultConfigurationIsVisible = 0;
			defaultConfigurationName = Release;
		};
		D858D0C7284D605100F5D4A1 /* Build configuration list for PBXNativeTarget "FreeFoodUniversityTests" */ = {
			isa = XCConfigurationList;
			buildConfigurations = (
				D858D0C8284D605100F5D4A1 /* Debug */,
				D858D0C9284D605100F5D4A1 /* Release */,
			);
			defaultConfigurationIsVisible = 0;
			defaultConfigurationName = Release;
		};
		D858D0CA284D605100F5D4A1 /* Build configuration list for PBXNativeTarget "FreeFoodUniversityUITests" */ = {
			isa = XCConfigurationList;
			buildConfigurations = (
				D858D0CB284D605100F5D4A1 /* Debug */,
				D858D0CC284D605100F5D4A1 /* Release */,
			);
			defaultConfigurationIsVisible = 0;
			defaultConfigurationName = Release;
		};
/* End XCConfigurationList section */

/* Begin XCVersionGroup section */
		D858D0A9284D605100F5D4A1 /* FreeFoodUniversity.xcdatamodeld */ = {
			isa = XCVersionGroup;
			children = (
				D858D0AA284D605100F5D4A1 /* FreeFoodUniversity.xcdatamodel */,
			);
			currentVersion = D858D0AA284D605100F5D4A1 /* FreeFoodUniversity.xcdatamodel */;
			path = FreeFoodUniversity.xcdatamodeld;
			sourceTree = "<group>";
			versionGroupType = wrapper.xcdatamodel;
		};
/* End XCVersionGroup section */
	};
	rootObject = D858D093284D605000F5D4A1 /* Project object */;
}
